// !$*UTF8*$!
{
	archiveVersion = 1;
	classes = {
	};
	objectVersion = 46;
	objects = {

/* Begin PBXBuildFile section */
		320AF8492C47A4D819F7C451 /* QuartzCore.framework in Frameworks */ = {isa = PBXBuildFile; fileRef = 320AF8492C47A4D819F7C450 /* QuartzCore.framework */; };
		A18B9FE315B8116400DCEC60 /* csyj-xu.png in Resources */ = {isa = PBXBuildFile; fileRef = A18B9FE215B8116400DCEC60 /* csyj-xu.png */; };
		B62F0D101487A12200FA38F8 /* UIKit.framework in Frameworks */ = {isa = PBXBuildFile; fileRef = B62F0D0F1487A12200FA38F8 /* UIKit.framework */; };
		B62F0D121487A12200FA38F8 /* Foundation.framework in Frameworks */ = {isa = PBXBuildFile; fileRef = B62F0D111487A12200FA38F8 /* Foundation.framework */; };
		B62F0D141487A12200FA38F8 /* CoreGraphics.framework in Frameworks */ = {isa = PBXBuildFile; fileRef = B62F0D131487A12200FA38F8 /* CoreGraphics.framework */; };
		B62F0D1A1487A12200FA38F8 /* InfoPlist.strings in Resources */ = {isa = PBXBuildFile; fileRef = B62F0D181487A12200FA38F8 /* InfoPlist.strings */; };
		B62F0D201487A12200FA38F8 /* AppDelegate.m in Sources */ = {isa = PBXBuildFile; fileRef = B62F0D1F1487A12200FA38F8 /* AppDelegate.m */; };
		B62F0D261487A12200FA38F8 /* MainWindow.xib in Resources */ = {isa = PBXBuildFile; fileRef = B62F0D241487A12200FA38F8 /* MainWindow.xib */; };
		B62F0D331487A13A00FA38F8 /* FMDatabase.m in Sources */ = {isa = PBXBuildFile; fileRef = B62F0D2D1487A13900FA38F8 /* FMDatabase.m */; };
		B62F0D341487A13A00FA38F8 /* FMDatabaseAdditions.m in Sources */ = {isa = PBXBuildFile; fileRef = B62F0D2F1487A13A00FA38F8 /* FMDatabaseAdditions.m */; };
		B62F0D361487A13A00FA38F8 /* FMResultSet.m in Sources */ = {isa = PBXBuildFile; fileRef = B62F0D321487A13A00FA38F8 /* FMResultSet.m */; };
		B62F0D381487A1A100FA38F8 /* libsqlite3.dylib in Frameworks */ = {isa = PBXBuildFile; fileRef = B62F0D371487A1A100FA38F8 /* libsqlite3.dylib */; };
		B62F0D391487A2C900FA38F8 /* main.m in Sources */ = {isa = PBXBuildFile; fileRef = B62F0D1B1487A12200FA38F8 /* main.m */; };
		B62F0D3C1487A2FB00FA38F8 /* HMDataBase.m in Sources */ = {isa = PBXBuildFile; fileRef = B62F0D3B1487A2FB00FA38F8 /* HMDataBase.m */; };
		B62F0D3F1487B7C900FA38F8 /* HMCell.xib in Resources */ = {isa = PBXBuildFile; fileRef = B62F0D3E1487B7C900FA38F8 /* HMCell.xib */; };
		B62F0D421487BB6C00FA38F8 /* HMCell.m in Sources */ = {isa = PBXBuildFile; fileRef = B62F0D411487BB6C00FA38F8 /* HMCell.m */; };
		B68355F215B6EE1300D19324 /* HMTableViewController.m in Sources */ = {isa = PBXBuildFile; fileRef = B68355F015B6EE1300D19324 /* HMTableViewController.m */; };
		B68355F315B6EE1300D19324 /* HMTableViewController.xib in Resources */ = {isa = PBXBuildFile; fileRef = B68355F115B6EE1300D19324 /* HMTableViewController.xib */; };
		B692183F15B4560E00CA6CC9 /* down.png in Resources */ = {isa = PBXBuildFile; fileRef = B692183D15B4560E00CA6CC9 /* down.png */; };
		B692184015B4560E00CA6CC9 /* up.png in Resources */ = {isa = PBXBuildFile; fileRef = B692183E15B4560E00CA6CC9 /* up.png */; };
		B6A3E3CF15B30A5200FC1A78 /* HMManager.m in Sources */ = {isa = PBXBuildFile; fileRef = B6A3E3CD15B30A5200FC1A78 /* HMManager.m */; };
		B6A3E48215B30A7D00FC1A78 /* csyj.db in Resources */ = {isa = PBXBuildFile; fileRef = B6A3E3D115B30A7D00FC1A78 /* csyj.db */; };
		B6A3E48315B30A7D00FC1A78 /* csyj_x.html in Resources */ = {isa = PBXBuildFile; fileRef = B6A3E3D215B30A7D00FC1A78 /* csyj_x.html */; };
		B6A3E48415B30A7D00FC1A78 /* default.jpg in Resources */ = {isa = PBXBuildFile; fileRef = B6A3E3D315B30A7D00FC1A78 /* default.jpg */; };
		B6A3E48515B30A7D00FC1A78 /* Dictionary.txt in Resources */ = {isa = PBXBuildFile; fileRef = B6A3E3D415B30A7D00FC1A78 /* Dictionary.txt */; };
		B6A3E48615B30A7D00FC1A78 /* 乌头.png in Resources */ = {isa = PBXBuildFile; fileRef = B6A3E3D615B30A7D00FC1A78 /* 乌头.png */; };
		B6A3E48715B30A7D00FC1A78 /* 乌梅.png in Resources */ = {isa = PBXBuildFile; fileRef = B6A3E3D715B30A7D00FC1A78 /* 乌梅.png */; };
		B6A3E48815B30A7D00FC1A78 /* 乱发.png in Resources */ = {isa = PBXBuildFile; fileRef = B6A3E3D815B30A7D00FC1A78 /* 乱发.png */; };
		B6A3E48915B30A7D00FC1A78 /* 云母.png in Resources */ = {isa = PBXBuildFile; fileRef = B6A3E3D915B30A7D00FC1A78 /* 云母.png */; };
		B6A3E48A15B30A7D00FC1A78 /* 五味子.png in Resources */ = {isa = PBXBuildFile; fileRef = B6A3E3DA15B30A7D00FC1A78 /* 五味子.png */; };
		B6A3E48B15B30A7D00FC1A78 /* 人参.png in Resources */ = {isa = PBXBuildFile; fileRef = B6A3E3DB15B30A7D00FC1A78 /* 人参.png */; };
		B6A3E48C15B30A7D00FC1A78 /* 人尿.png in Resources */ = {isa = PBXBuildFile; fileRef = B6A3E3DC15B30A7D00FC1A78 /* 人尿.png */; };
		B6A3E48D15B30A7D00FC1A78 /* 代赭石.png in Resources */ = {isa = PBXBuildFile; fileRef = B6A3E3DD15B30A7D00FC1A78 /* 代赭石.png */; };
		B6A3E48E15B30A7D00FC1A78 /* 制白附子.png in Resources */ = {isa = PBXBuildFile; fileRef = B6A3E3DE15B30A7D00FC1A78 /* 制白附子.png */; };
		B6A3E48F15B30A7D00FC1A78 /* 升麻.png in Resources */ = {isa = PBXBuildFile; fileRef = B6A3E3DF15B30A7D00FC1A78 /* 升麻.png */; };
		B6A3E49015B30A7D00FC1A78 /* 半夏.png in Resources */ = {isa = PBXBuildFile; fileRef = B6A3E3E015B30A7D00FC1A78 /* 半夏.png */; };
		B6A3E49115B30A7D00FC1A78 /* 厚朴.png in Resources */ = {isa = PBXBuildFile; fileRef = B6A3E3E115B30A7D00FC1A78 /* 厚朴.png */; };
		B6A3E49215B30A7D00FC1A78 /* 吴茱萸.png in Resources */ = {isa = PBXBuildFile; fileRef = B6A3E3E215B30A7D00FC1A78 /* 吴茱萸.png */; };
		B6A3E49315B30A7D00FC1A78 /* 商陆根.png in Resources */ = {isa = PBXBuildFile; fileRef = B6A3E3E315B30A7D00FC1A78 /* 商陆根.png */; };
		B6A3E49415B30A7D00FC1A78 /* 土瓜根.png in Resources */ = {isa = PBXBuildFile; fileRef = B6A3E3E415B30A7D00FC1A78 /* 土瓜根.png */; };
		B6A3E49515B30A7D00FC1A78 /* 地黄.png in Resources */ = {isa = PBXBuildFile; fileRef = B6A3E3E515B30A7D00FC1A78 /* 地黄.png */; };
		B6A3E49615B30A7D00FC1A78 /* 大戟.png in Resources */ = {isa = PBXBuildFile; fileRef = B6A3E3E615B30A7D00FC1A78 /* 大戟.png */; };
		B6A3E49715B30A7D00FC1A78 /* 大枣.png in Resources */ = {isa = PBXBuildFile; fileRef = B6A3E3E715B30A7D00FC1A78 /* 大枣.png */; };
		B6A3E49815B30A7D00FC1A78 /* 大麦.png in Resources */ = {isa = PBXBuildFile; fileRef = B6A3E3E815B30A7D00FC1A78 /* 大麦.png */; };
		B6A3E49915B30A7D00FC1A78 /* 大黄.png in Resources */ = {isa = PBXBuildFile; fileRef = B6A3E3E915B30A7D00FC1A78 /* 大黄.png */; };
		B6A3E49A15B30A7D00FC1A78 /* 天冬.png in Resources */ = {isa = PBXBuildFile; fileRef = B6A3E3EA15B30A7D00FC1A78 /* 天冬.png */; };
		B6A3E49B15B30A7D00FC1A78 /* 射干.png in Resources */ = {isa = PBXBuildFile; fileRef = B6A3E3EB15B30A7D00FC1A78 /* 射干.png */; };
		B6A3E49C15B30A7D00FC1A78 /* 小麦.png in Resources */ = {isa = PBXBuildFile; fileRef = B6A3E3EC15B30A7D00FC1A78 /* 小麦.png */; };
		B6A3E49D15B30A7D00FC1A78 /* 山茱萸.png in Resources */ = {isa = PBXBuildFile; fileRef = B6A3E3ED15B30A7D00FC1A78 /* 山茱萸.png */; };
		B6A3E49E15B30A7D00FC1A78 /* 巴豆.png in Resources */ = {isa = PBXBuildFile; fileRef = B6A3E3EE15B30A7D00FC1A78 /* 巴豆.png */; };
		B6A3E49F15B30A7D00FC1A78 /* 干姜.png in Resources */ = {isa = PBXBuildFile; fileRef = B6A3E3EF15B30A7D00FC1A78 /* 干姜.png */; };
		B6A3E4A015B30A7D00FC1A78 /* 干漆.png in Resources */ = {isa = PBXBuildFile; fileRef = B6A3E3F015B30A7D00FC1A78 /* 干漆.png */; };
		B6A3E4A115B30A7D00FC1A78 /* 当归.png in Resources */ = {isa = PBXBuildFile; fileRef = B6A3E3F115B30A7D00FC1A78 /* 当归.png */; };
		B6A3E4A215B30A7D00FC1A78 /* 当归2.png in Resources */ = {isa = PBXBuildFile; fileRef = B6A3E3F215B30A7D00FC1A78 /* 当归2.png */; };
		B6A3E4A315B30A7D00FC1A78 /* 戎盐.png in Resources */ = {isa = PBXBuildFile; fileRef = B6A3E3F315B30A7D00FC1A78 /* 戎盐.png */; };
		B6A3E4A415B30A7D00FC1A78 /* 文蛤.png in Resources */ = {isa = PBXBuildFile; fileRef = B6A3E3F415B30A7D00FC1A78 /* 文蛤.png */; };
		B6A3E4A515B30A7D00FC1A78 /* 新绛.png in Resources */ = {isa = PBXBuildFile; fileRef = B6A3E3F515B30A7D00FC1A78 /* 新绛.png */; };
		B6A3E4A615B30A7D00FC1A78 /* 旋覆花.png in Resources */ = {isa = PBXBuildFile; fileRef = B6A3E3F615B30A7D00FC1A78 /* 旋覆花.png */; };
		B6A3E4A715B30A7D00FC1A78 /* 未命名.png in Resources */ = {isa = PBXBuildFile; fileRef = B6A3E3F715B30A7D00FC1A78 /* 未命名.png */; };
		B6A3E4A815B30A7D00FC1A78 /* 朱砂.png in Resources */ = {isa = PBXBuildFile; fileRef = B6A3E3F815B30A7D00FC1A78 /* 朱砂.png */; };
		B6A3E4A915B30A7D00FC1A78 /* 杏仁.png in Resources */ = {isa = PBXBuildFile; fileRef = B6A3E3F915B30A7D00FC1A78 /* 杏仁.png */; };
		B6A3E4AA15B30A7D00FC1A78 /* 枣仁.png in Resources */ = {isa = PBXBuildFile; fileRef = B6A3E3FA15B30A7D00FC1A78 /* 枣仁.png */; };
		B6A3E4AB15B30A7D00FC1A78 /* 枳实.png in Resources */ = {isa = PBXBuildFile; fileRef = B6A3E3FB15B30A7D00FC1A78 /* 枳实.png */; };
		B6A3E4AC15B30A7D00FC1A78 /* 柏叶.png in Resources */ = {isa = PBXBuildFile; fileRef = B6A3E3FC15B30A7D00FC1A78 /* 柏叶.png */; };
		B6A3E4AD15B30A7D00FC1A78 /* 柏子仁.png in Resources */ = {isa = PBXBuildFile; fileRef = B6A3E3FD15B30A7D00FC1A78 /* 柏子仁.png */; };
		B6A3E4AE15B30A7D00FC1A78 /* 柏实.png in Resources */ = {isa = PBXBuildFile; fileRef = B6A3E3FE15B30A7D00FC1A78 /* 柏实.png */; };
		B6A3E4AF15B30A7D00FC1A78 /* 柴胡.png in Resources */ = {isa = PBXBuildFile; fileRef = B6A3E3FF15B30A7D00FC1A78 /* 柴胡.png */; };
		B6A3E4B015B30A7D00FC1A78 /* 栀子.png in Resources */ = {isa = PBXBuildFile; fileRef = B6A3E40015B30A7D00FC1A78 /* 栀子.png */; };
		B6A3E4B115B30A7D00FC1A78 /* 栝蒌实.png in Resources */ = {isa = PBXBuildFile; fileRef = B6A3E40115B30A7D00FC1A78 /* 栝蒌实.png */; };
		B6A3E4B215B30A7D00FC1A78 /* 栝蒌根.png in Resources */ = {isa = PBXBuildFile; fileRef = B6A3E40215B30A7D00FC1A78 /* 栝蒌根.png */; };
		B6A3E4B315B30A7D00FC1A78 /* 桂枝.png in Resources */ = {isa = PBXBuildFile; fileRef = B6A3E40315B30A7D00FC1A78 /* 桂枝.png */; };
		B6A3E4B415B30A7D00FC1A78 /* 桃仁.png in Resources */ = {isa = PBXBuildFile; fileRef = B6A3E40415B30A7D00FC1A78 /* 桃仁.png */; };
		B6A3E4B515B30A7D00FC1A78 /* 桑根白皮.png in Resources */ = {isa = PBXBuildFile; fileRef = B6A3E40515B30A7D00FC1A78 /* 桑根白皮.png */; };
		B6A3E4B615B30A7D00FC1A78 /* 桔梗.png in Resources */ = {isa = PBXBuildFile; fileRef = B6A3E40615B30A7D00FC1A78 /* 桔梗.png */; };
		B6A3E4B715B30A7D00FC1A78 /* 橘皮.png in Resources */ = {isa = PBXBuildFile; fileRef = B6A3E40715B30A7D00FC1A78 /* 橘皮.png */; };
		B6A3E4B815B30A7D00FC1A78 /* 款冬花.png in Resources */ = {isa = PBXBuildFile; fileRef = B6A3E40815B30A7D00FC1A78 /* 款冬花.png */; };
		B6A3E4B915B30A7D00FC1A78 /* 水蛭.png in Resources */ = {isa = PBXBuildFile; fileRef = B6A3E40915B30A7D00FC1A78 /* 水蛭.png */; };
		B6A3E4BA15B30A7D00FC1A78 /* 泽泻.png in Resources */ = {isa = PBXBuildFile; fileRef = B6A3E40A15B30A7D00FC1A78 /* 泽泻.png */; };
		B6A3E4BB15B30A7D00FC1A78 /* 泽漆.png in Resources */ = {isa = PBXBuildFile; fileRef = B6A3E40B15B30A7D00FC1A78 /* 泽漆.png */; };
		B6A3E4BC15B30A7D00FC1A78 /* 海藻.png in Resources */ = {isa = PBXBuildFile; fileRef = B6A3E40C15B30A7D00FC1A78 /* 海藻.png */; };
		B6A3E4BD15B30A7D00FC1A78 /* 清半夏.png in Resources */ = {isa = PBXBuildFile; fileRef = B6A3E40D15B30A7D00FC1A78 /* 清半夏.png */; };
		B6A3E4BE15B30A7D00FC1A78 /* 滑石.png in Resources */ = {isa = PBXBuildFile; fileRef = B6A3E40E15B30A7D00FC1A78 /* 滑石.png */; };
		B6A3E4BF15B30A7D00FC1A78 /* 灶中黄土.png in Resources */ = {isa = PBXBuildFile; fileRef = B6A3E40F15B30A7D00FC1A78 /* 灶中黄土.png */; };
		B6A3E4C015B30A7D00FC1A78 /* 焦神曲.png in Resources */ = {isa = PBXBuildFile; fileRef = B6A3E41015B30A7D00FC1A78 /* 焦神曲.png */; };
		B6A3E4C115B30A7D00FC1A78 /* 熟地黄.png in Resources */ = {isa = PBXBuildFile; fileRef = B6A3E41115B30A7D00FC1A78 /* 熟地黄.png */; };
		B6A3E4C215B30A7D00FC1A78 /* 牡丹皮.png in Resources */ = {isa = PBXBuildFile; fileRef = B6A3E41215B30A7D00FC1A78 /* 牡丹皮.png */; };
		B6A3E4C315B30A7D00FC1A78 /* 牡丹皮2.png in Resources */ = {isa = PBXBuildFile; fileRef = B6A3E41315B30A7D00FC1A78 /* 牡丹皮2.png */; };
		B6A3E4C415B30A7D00FC1A78 /* 牡蛎.png in Resources */ = {isa = PBXBuildFile; fileRef = B6A3E41415B30A7D00FC1A78 /* 牡蛎.png */; };
		B6A3E4C515B30A7D00FC1A78 /* 狼牙.png in Resources */ = {isa = PBXBuildFile; fileRef = B6A3E41515B30A7D00FC1A78 /* 狼牙.png */; };
		B6A3E4C615B30A7D00FC1A78 /* 猪肤.png in Resources */ = {isa = PBXBuildFile; fileRef = B6A3E41615B30A7D00FC1A78 /* 猪肤.png */; };
		B6A3E4C715B30A7D00FC1A78 /* 猪胆汁.png in Resources */ = {isa = PBXBuildFile; fileRef = B6A3E41715B30A7D00FC1A78 /* 猪胆汁.png */; };
		B6A3E4C815B30A7D00FC1A78 /* 猪膏.png in Resources */ = {isa = PBXBuildFile; fileRef = B6A3E41815B30A7D00FC1A78 /* 猪膏.png */; };
		B6A3E4C915B30A7D00FC1A78 /* 猪苓.png in Resources */ = {isa = PBXBuildFile; fileRef = B6A3E41915B30A7D00FC1A78 /* 猪苓.png */; };
		B6A3E4CA15B30A7D00FC1A78 /* 王不留行.png in Resources */ = {isa = PBXBuildFile; fileRef = B6A3E41A15B30A7D00FC1A78 /* 王不留行.png */; };
		B6A3E4CB15B30A7D00FC1A78 /* 瓜子.png in Resources */ = {isa = PBXBuildFile; fileRef = B6A3E41B15B30A7D00FC1A78 /* 瓜子.png */; };
		B6A3E4CC15B30A7D00FC1A78 /* 瓜蒂.png in Resources */ = {isa = PBXBuildFile; fileRef = B6A3E41C15B30A7D00FC1A78 /* 瓜蒂.png */; };
		B6A3E4CD15B30A7D00FC1A78 /* 甘李根白皮.png in Resources */ = {isa = PBXBuildFile; fileRef = B6A3E41D15B30A7D00FC1A78 /* 甘李根白皮.png */; };
		B6A3E4CE15B30A7D00FC1A78 /* 甘草.png in Resources */ = {isa = PBXBuildFile; fileRef = B6A3E41E15B30A7D00FC1A78 /* 甘草.png */; };
		B6A3E4CF15B30A7D00FC1A78 /* 甘草片.png in Resources */ = {isa = PBXBuildFile; fileRef = B6A3E41F15B30A7D00FC1A78 /* 甘草片.png */; };
		B6A3E4D015B30A7D00FC1A78 /* 甘遂.png in Resources */ = {isa = PBXBuildFile; fileRef = B6A3E42015B30A7D00FC1A78 /* 甘遂.png */; };
		B6A3E4D115B30A7D00FC1A78 /* 生姜.png in Resources */ = {isa = PBXBuildFile; fileRef = B6A3E42115B30A7D00FC1A78 /* 生姜.png */; };
		B6A3E4D215B30A7D00FC1A78 /* 生梓白皮.png in Resources */ = {isa = PBXBuildFile; fileRef = B6A3E42215B30A7D00FC1A78 /* 生梓白皮.png */; };
		B6A3E4D315B30A7D00FC1A78 /* 白前.png in Resources */ = {isa = PBXBuildFile; fileRef = B6A3E42315B30A7D00FC1A78 /* 白前.png */; };
		B6A3E4D415B30A7D00FC1A78 /* 白前2.png in Resources */ = {isa = PBXBuildFile; fileRef = B6A3E42415B30A7D00FC1A78 /* 白前2.png */; };
		B6A3E4D515B30A7D00FC1A78 /* 白头翁.png in Resources */ = {isa = PBXBuildFile; fileRef = B6A3E42515B30A7D00FC1A78 /* 白头翁.png */; };
		B6A3E4D615B30A7D00FC1A78 /* 白术.png in Resources */ = {isa = PBXBuildFile; fileRef = B6A3E42615B30A7D00FC1A78 /* 白术.png */; };
		B6A3E4D715B30A7D00FC1A78 /* 白蔹.png in Resources */ = {isa = PBXBuildFile; fileRef = B6A3E42715B30A7D00FC1A78 /* 白蔹.png */; };
		B6A3E4D815B30A7D00FC1A78 /* 白薇.png in Resources */ = {isa = PBXBuildFile; fileRef = B6A3E42815B30A7D00FC1A78 /* 白薇.png */; };
		B6A3E4D915B30A7D00FC1A78 /* 白蜜.png in Resources */ = {isa = PBXBuildFile; fileRef = B6A3E42915B30A7D00FC1A78 /* 白蜜.png */; };
		B6A3E4DA15B30A7D00FC1A78 /* 白附子.png in Resources */ = {isa = PBXBuildFile; fileRef = B6A3E42A15B30A7D00FC1A78 /* 白附子.png */; };
		B6A3E4DB15B30A7D00FC1A78 /* 百合.png in Resources */ = {isa = PBXBuildFile; fileRef = B6A3E42B15B30A7D00FC1A78 /* 百合.png */; };
		B6A3E4DC15B30A7D00FC1A78 /* 皂荚.png in Resources */ = {isa = PBXBuildFile; fileRef = B6A3E42C15B30A7D00FC1A78 /* 皂荚.png */; };
		B6A3E4DD15B30A7D00FC1A78 /* 瞿麦.png in Resources */ = {isa = PBXBuildFile; fileRef = B6A3E42D15B30A7D00FC1A78 /* 瞿麦.png */; };
		B6A3E4DE15B30A7D00FC1A78 /* 知母.png in Resources */ = {isa = PBXBuildFile; fileRef = B6A3E42E15B30A7D00FC1A78 /* 知母.png */; };
		B6A3E4DF15B30A7D00FC1A78 /* 石膏.png in Resources */ = {isa = PBXBuildFile; fileRef = B6A3E42F15B30A7D00FC1A78 /* 石膏.png */; };
		B6A3E4E015B30A7D00FC1A78 /* 石膏粉.png in Resources */ = {isa = PBXBuildFile; fileRef = B6A3E43015B30A7D00FC1A78 /* 石膏粉.png */; };
		B6A3E4E115B30A7D00FC1A78 /* 石韦.png in Resources */ = {isa = PBXBuildFile; fileRef = B6A3E43115B30A7D00FC1A78 /* 石韦.png */; };
		B6A3E4E215B30A7D00FC1A78 /* 矾石.png in Resources */ = {isa = PBXBuildFile; fileRef = B6A3E43215B30A7D00FC1A78 /* 矾石.png */; };
		B6A3E4E315B30A7D00FC1A78 /* 硝石.png in Resources */ = {isa = PBXBuildFile; fileRef = B6A3E43315B30A7D00FC1A78 /* 硝石.png */; };
		B6A3E4E415B30A7D00FC1A78 /* 神曲.png in Resources */ = {isa = PBXBuildFile; fileRef = B6A3E43415B30A7D00FC1A78 /* 神曲.png */; };
		B6A3E4E515B30A7D00FC1A78 /* 禹余粮.png in Resources */ = {isa = PBXBuildFile; fileRef = B6A3E43515B30A7D00FC1A78 /* 禹余粮.png */; };
		B6A3E4E615B30A7D00FC1A78 /* 秦皮.png in Resources */ = {isa = PBXBuildFile; fileRef = B6A3E43615B30A7D00FC1A78 /* 秦皮.png */; };
		B6A3E4E715B30A7D00FC1A78 /* 竹叶.png in Resources */ = {isa = PBXBuildFile; fileRef = B6A3E43715B30A7D00FC1A78 /* 竹叶.png */; };
		B6A3E4E815B30A7D00FC1A78 /* 竹茹.png in Resources */ = {isa = PBXBuildFile; fileRef = B6A3E43815B30A7D00FC1A78 /* 竹茹.png */; };
		B6A3E4E915B30A7D00FC1A78 /* 粳米.png in Resources */ = {isa = PBXBuildFile; fileRef = B6A3E43915B30A7D00FC1A78 /* 粳米.png */; };
		B6A3E4EA15B30A7D00FC1A78 /* 紫参.png in Resources */ = {isa = PBXBuildFile; fileRef = B6A3E43A15B30A7D00FC1A78 /* 紫参.png */; };
		B6A3E4EB15B30A7D00FC1A78 /* 紫菀.png in Resources */ = {isa = PBXBuildFile; fileRef = B6A3E43B15B30A7D00FC1A78 /* 紫菀.png */; };
		B6A3E4EC15B30A7D00FC1A78 /* 紫葳.png in Resources */ = {isa = PBXBuildFile; fileRef = B6A3E43C15B30A7D00FC1A78 /* 紫葳.png */; };
		B6A3E4ED15B30A7D00FC1A78 /* 红蓝花.png in Resources */ = {isa = PBXBuildFile; fileRef = B6A3E43D15B30A7D00FC1A78 /* 红蓝花.png */; };
		B6A3E4EE15B30A7D00FC1A78 /* 细辛.png in Resources */ = {isa = PBXBuildFile; fileRef = B6A3E43E15B30A7D00FC1A78 /* 细辛.png */; };
		B6A3E4EF15B30A7D00FC1A78 /* 羊肉.png in Resources */ = {isa = PBXBuildFile; fileRef = B6A3E43F15B30A7D00FC1A78 /* 羊肉.png */; };
		B6A3E4F015B30A7D00FC1A78 /* 胶饴.png in Resources */ = {isa = PBXBuildFile; fileRef = B6A3E44015B30A7D00FC1A78 /* 胶饴.png */; };
		B6A3E4F115B30A7D00FC1A78 /* 艾叶.png in Resources */ = {isa = PBXBuildFile; fileRef = B6A3E44115B30A7D00FC1A78 /* 艾叶.png */; };
		B6A3E4F215B30A7D00FC1A78 /* 芍药.png in Resources */ = {isa = PBXBuildFile; fileRef = B6A3E44215B30A7D00FC1A78 /* 芍药.png */; };
		B6A3E4F315B30A7D00FC1A78 /* 芎藭.png in Resources */ = {isa = PBXBuildFile; fileRef = B6A3E44315B30A7D00FC1A78 /* 芎藭.png */; };
		B6A3E4F415B30A7D00FC1A78 /* 芒硝.png in Resources */ = {isa = PBXBuildFile; fileRef = B6A3E44415B30A7D00FC1A78 /* 芒硝.png */; };
		B6A3E4F515B30A7D00FC1A78 /* 芫花.png in Resources */ = {isa = PBXBuildFile; fileRef = B6A3E44515B30A7D00FC1A78 /* 芫花.png */; };
		B6A3E4F615B30A7D00FC1A78 /* 苏叶.png in Resources */ = {isa = PBXBuildFile; fileRef = B6A3E44615B30A7D00FC1A78 /* 苏叶.png */; };
		B6A3E4F715B30A7D00FC1A78 /* 苦参.png in Resources */ = {isa = PBXBuildFile; fileRef = B6A3E44715B30A7D00FC1A78 /* 苦参.png */; };
		B6A3E4F815B30A7D00FC1A78 /* 苦杏仁.png in Resources */ = {isa = PBXBuildFile; fileRef = B6A3E44815B30A7D00FC1A78 /* 苦杏仁.png */; };
		B6A3E4F915B30A7D00FC1A78 /* 苦酒.png in Resources */ = {isa = PBXBuildFile; fileRef = B6A3E44915B30A7D00FC1A78 /* 苦酒.png */; };
		B6A3E4FA15B30A7D00FC1A78 /* 茯苓.png in Resources */ = {isa = PBXBuildFile; fileRef = B6A3E44A15B30A7D00FC1A78 /* 茯苓.png */; };
		B6A3E4FB15B30A7D00FC1A78 /* 茯苓2.png in Resources */ = {isa = PBXBuildFile; fileRef = B6A3E44B15B30A7D00FC1A78 /* 茯苓2.png */; };
		B6A3E4FC15B30A7D00FC1A78 /* 茵陈蒿.png in Resources */ = {isa = PBXBuildFile; fileRef = B6A3E44C15B30A7D00FC1A78 /* 茵陈蒿.png */; };
		B6A3E4FD15B30A7D00FC1A78 /* 萎蕤.png in Resources */ = {isa = PBXBuildFile; fileRef = B6A3E44D15B30A7D00FC1A78 /* 萎蕤.png */; };
		B6A3E4FE15B30A7D00FC1A78 /* 葛根.png in Resources */ = {isa = PBXBuildFile; fileRef = B6A3E44E15B30A7D00FC1A78 /* 葛根.png */; };
		B6A3E4FF15B30A7D00FC1A78 /* 葱白.png in Resources */ = {isa = PBXBuildFile; fileRef = B6A3E44F15B30A7D00FC1A78 /* 葱白.png */; };
		B6A3E50015B30A7D00FC1A78 /* 葵子.png in Resources */ = {isa = PBXBuildFile; fileRef = B6A3E45015B30A7D00FC1A78 /* 葵子.png */; };
		B6A3E50115B30A7D00FC1A78 /* 葶苈.png in Resources */ = {isa = PBXBuildFile; fileRef = B6A3E45115B30A7D00FC1A78 /* 葶苈.png */; };
		B6A3E50215B30A7D00FC1A78 /* 蒴藋.png in Resources */ = {isa = PBXBuildFile; fileRef = B6A3E45215B30A7D00FC1A78 /* 蒴藋.png */; };
		B6A3E50315B30A7D00FC1A78 /* 薏苡.png in Resources */ = {isa = PBXBuildFile; fileRef = B6A3E45315B30A7D00FC1A78 /* 薏苡.png */; };
		B6A3E50415B30A7D00FC1A78 /* 薤白.png in Resources */ = {isa = PBXBuildFile; fileRef = B6A3E45415B30A7D00FC1A78 /* 薤白.png */; };
		B6A3E50515B30A7D00FC1A78 /* 薯蓣.png in Resources */ = {isa = PBXBuildFile; fileRef = B6A3E45515B30A7D00FC1A78 /* 薯蓣.png */; };
		B6A3E50615B30A7D00FC1A78 /* 藜芦.png in Resources */ = {isa = PBXBuildFile; fileRef = B6A3E45615B30A7D00FC1A78 /* 藜芦.png */; };
		B6A3E50715B30A7D00FC1A78 /* 虻虫.png in Resources */ = {isa = PBXBuildFile; fileRef = B6A3E45715B30A7D00FC1A78 /* 虻虫.png */; };
		B6A3E50815B30A7D00FC1A78 /* 蛇床子.png in Resources */ = {isa = PBXBuildFile; fileRef = B6A3E45815B30A7D00FC1A78 /* 蛇床子.png */; };
		B6A3E50915B30A7D00FC1A78 /* 蛴螬.png in Resources */ = {isa = PBXBuildFile; fileRef = B6A3E45915B30A7D00FC1A78 /* 蛴螬.png */; };
		B6A3E50A15B30A7D00FC1A78 /* 蜀椒.png in Resources */ = {isa = PBXBuildFile; fileRef = B6A3E45A15B30A7D00FC1A78 /* 蜀椒.png */; };
		B6A3E50B15B30A7D00FC1A78 /* 蜀漆.png in Resources */ = {isa = PBXBuildFile; fileRef = B6A3E45B15B30A7D00FC1A78 /* 蜀漆.png */; };
		B6A3E50C15B30A7D00FC1A78 /* 蜂窠.png in Resources */ = {isa = PBXBuildFile; fileRef = B6A3E45C15B30A7D00FC1A78 /* 蜂窠.png */; };
		B6A3E50D15B30A7D00FC1A78 /* 蜣螂.png in Resources */ = {isa = PBXBuildFile; fileRef = B6A3E45D15B30A7D00FC1A78 /* 蜣螂.png */; };
		B6A3E50E15B30A7D00FC1A78 /* 蟅虫.png in Resources */ = {isa = PBXBuildFile; fileRef = B6A3E45E15B30A7D00FC1A78 /* 蟅虫.png */; };
		B6A3E50F15B30A7D00FC1A78 /* 诃黎勒.png in Resources */ = {isa = PBXBuildFile; fileRef = B6A3E45F15B30A7D00FC1A78 /* 诃黎勒.png */; };
		B6A3E51015B30A7D00FC1A78 /* 豆黄卷.png in Resources */ = {isa = PBXBuildFile; fileRef = B6A3E46015B30A7D00FC1A78 /* 豆黄卷.png */; };
		B6A3E51115B30A7D00FC1A78 /* 贝母.png in Resources */ = {isa = PBXBuildFile; fileRef = B6A3E46115B30A7D00FC1A78 /* 贝母.png */; };
		B6A3E51215B30A7D00FC1A78 /* 败酱.png in Resources */ = {isa = PBXBuildFile; fileRef = B6A3E46215B30A7D00FC1A78 /* 败酱.png */; };
		B6A3E51315B30A7D00FC1A78 /* 赤小豆.png in Resources */ = {isa = PBXBuildFile; fileRef = B6A3E46315B30A7D00FC1A78 /* 赤小豆.png */; };
		B6A3E51415B30A7D00FC1A78 /* 赤石脂.png in Resources */ = {isa = PBXBuildFile; fileRef = B6A3E46415B30A7D00FC1A78 /* 赤石脂.png */; };
		B6A3E51515B30A7D00FC1A78 /* 赤硝.png in Resources */ = {isa = PBXBuildFile; fileRef = B6A3E46515B30A7D00FC1A78 /* 赤硝.png */; };
		B6A3E51615B30A7D00FC1A78 /* 连翘.png in Resources */ = {isa = PBXBuildFile; fileRef = B6A3E46615B30A7D00FC1A78 /* 连翘.png */; };
		B6A3E51715B30A7D00FC1A78 /* 通草.png in Resources */ = {isa = PBXBuildFile; fileRef = B6A3E46715B30A7D00FC1A78 /* 通草.png */; };
		B6A3E51815B30A7D00FC1A78 /* 铅丹.png in Resources */ = {isa = PBXBuildFile; fileRef = B6A3E46815B30A7D00FC1A78 /* 铅丹.png */; };
		B6A3E51915B30A7D00FC1A78 /* 铅粉.png in Resources */ = {isa = PBXBuildFile; fileRef = B6A3E46915B30A7D00FC1A78 /* 铅粉.png */; };
		B6A3E51A15B30A7D00FC1A78 /* 防己.png in Resources */ = {isa = PBXBuildFile; fileRef = B6A3E46A15B30A7D00FC1A78 /* 防己.png */; };
		B6A3E51B15B30A7D00FC1A78 /* 防风.png in Resources */ = {isa = PBXBuildFile; fileRef = B6A3E46B15B30A7D00FC1A78 /* 防风.png */; };
		B6A3E51C15B30A7D00FC1A78 /* 阿胶.png in Resources */ = {isa = PBXBuildFile; fileRef = B6A3E46C15B30A7D00FC1A78 /* 阿胶.png */; };
		B6A3E51D15B30A7D00FC1A78 /* 附子.png in Resources */ = {isa = PBXBuildFile; fileRef = B6A3E46D15B30A7D00FC1A78 /* 附子.png */; };
		B6A3E51E15B30A7D00FC1A78 /* 雄黄.png in Resources */ = {isa = PBXBuildFile; fileRef = B6A3E46E15B30A7D00FC1A78 /* 雄黄.png */; };
		B6A3E51F15B30A7D00FC1A78 /* 雄黄矿石.png in Resources */ = {isa = PBXBuildFile; fileRef = B6A3E46F15B30A7D00FC1A78 /* 雄黄矿石.png */; };
		B6A3E52015B30A7D00FC1A78 /* 香豉.png in Resources */ = {isa = PBXBuildFile; fileRef = B6A3E47015B30A7D00FC1A78 /* 香豉.png */; };
		B6A3E52115B30A7D00FC1A78 /* 马通.png in Resources */ = {isa = PBXBuildFile; fileRef = B6A3E47115B30A7D00FC1A78 /* 马通.png */; };
		B6A3E52215B30A7D00FC1A78 /* 鳖甲.png in Resources */ = {isa = PBXBuildFile; fileRef = B6A3E47215B30A7D00FC1A78 /* 鳖甲.png */; };
		B6A3E52315B30A7D00FC1A78 /* 鸡子白.png in Resources */ = {isa = PBXBuildFile; fileRef = B6A3E47315B30A7D00FC1A78 /* 鸡子白.png */; };
		B6A3E52415B30A7D00FC1A78 /* 鸡子黄.png in Resources */ = {isa = PBXBuildFile; fileRef = B6A3E47415B30A7D00FC1A78 /* 鸡子黄.png */; };
		B6A3E52515B30A7D00FC1A78 /* 鸡屎白.png in Resources */ = {isa = PBXBuildFile; fileRef = B6A3E47515B30A7D00FC1A78 /* 鸡屎白.png */; };
		B6A3E52615B30A7D00FC1A78 /* 麦冬.png in Resources */ = {isa = PBXBuildFile; fileRef = B6A3E47615B30A7D00FC1A78 /* 麦冬.png */; };
		B6A3E52715B30A7D00FC1A78 /* 麻仁.png in Resources */ = {isa = PBXBuildFile; fileRef = B6A3E47715B30A7D00FC1A78 /* 麻仁.png */; };
		B6A3E52815B30A7D00FC1A78 /* 麻黄.png in Resources */ = {isa = PBXBuildFile; fileRef = B6A3E47815B30A7D00FC1A78 /* 麻黄.png */; };
		B6A3E52915B30A7D00FC1A78 /* 黄柏.png in Resources */ = {isa = PBXBuildFile; fileRef = B6A3E47915B30A7D00FC1A78 /* 黄柏.png */; };
		B6A3E52A15B30A7D00FC1A78 /* 黄芩.png in Resources */ = {isa = PBXBuildFile; fileRef = B6A3E47A15B30A7D00FC1A78 /* 黄芩.png */; };
		B6A3E52B15B30A7D00FC1A78 /* 黄芩片.png in Resources */ = {isa = PBXBuildFile; fileRef = B6A3E47B15B30A7D00FC1A78 /* 黄芩片.png */; };
		B6A3E52C15B30A7D00FC1A78 /* 黄芪.png in Resources */ = {isa = PBXBuildFile; fileRef = B6A3E47C15B30A7D00FC1A78 /* 黄芪.png */; };
		B6A3E52D15B30A7D00FC1A78 /* 黄连.png in Resources */ = {isa = PBXBuildFile; fileRef = B6A3E47D15B30A7D00FC1A78 /* 黄连.png */; };
		B6A3E52E15B30A7D00FC1A78 /* 黄酒.png in Resources */ = {isa = PBXBuildFile; fileRef = B6A3E47E15B30A7D00FC1A78 /* 黄酒.png */; };
		B6A3E52F15B30A7D00FC1A78 /* 鼠妇.png in Resources */ = {isa = PBXBuildFile; fileRef = B6A3E47F15B30A7D00FC1A78 /* 鼠妇.png */; };
		B6A3E53015B30A7D00FC1A78 /* 龙骨.png in Resources */ = {isa = PBXBuildFile; fileRef = B6A3E48015B30A7D00FC1A78 /* 龙骨.png */; };
		B6A3E53115B30A7D00FC1A78 /* template.html in Resources */ = {isa = PBXBuildFile; fileRef = B6A3E48115B30A7D00FC1A78 /* template.html */; };
		B6C78C1F15A51384006D6FE7 /* HMViewController.m in Sources */ = {isa = PBXBuildFile; fileRef = B6C78C1D15A51384006D6FE7 /* HMViewController.m */; };
		B6C78C2015A51384006D6FE7 /* HMViewController.xib in Resources */ = {isa = PBXBuildFile; fileRef = B6C78C1E15A51384006D6FE7 /* HMViewController.xib */; };
		B6D55FE515B586F4004C49A7 /* ConvertJF.m in Sources */ = {isa = PBXBuildFile; fileRef = B6D55FE415B586F4004C49A7 /* ConvertJF.m */; };
		B6DE474A15AB1410009D4C95 /* Icon.png in Resources */ = {isa = PBXBuildFile; fileRef = B6DE474915AB1410009D4C95 /* Icon.png */; };
		B6DE474C15AB1414009D4C95 /* Icon@2x.png in Resources */ = {isa = PBXBuildFile; fileRef = B6DE474B15AB1414009D4C95 /* Icon@2x.png */; };
		B6EB13CA15AC66380033B43E /* WebViewController.m in Sources */ = {isa = PBXBuildFile; fileRef = B6EB13C815AC66380033B43E /* WebViewController.m */; };
		B6EB13CB15AC66380033B43E /* WebViewController.xib in Resources */ = {isa = PBXBuildFile; fileRef = B6EB13C915AC66380033B43E /* WebViewController.xib */; };
/* End PBXBuildFile section */

/* Begin PBXFileReference section */
		320AF8492C47A4D819F7C450 /* QuartzCore.framework */ = {isa = PBXFileReference; lastKnownFileType = wrapper.frameworks; name = QuartzCore.framework; path = System/Library/Frameworks/QuartzCore.framework; sourceTree = SDKROOT; };
		A18B9FE215B8116400DCEC60 /* csyj-xu.png */ = {isa = PBXFileReference; lastKnownFileType = image.png; path = "csyj-xu.png"; sourceTree = "<group>"; };
		B62F0D0B1487A12200FA38F8 /* CSYJ.app */ = {isa = PBXFileReference; explicitFileType = wrapper.application; includeInIndex = 0; path = CSYJ.app; sourceTree = BUILT_PRODUCTS_DIR; };
		B62F0D0F1487A12200FA38F8 /* UIKit.framework */ = {isa = PBXFileReference; lastKnownFileType = wrapper.framework; name = UIKit.framework; path = System/Library/Frameworks/UIKit.framework; sourceTree = SDKROOT; };
		B62F0D111487A12200FA38F8 /* Foundation.framework */ = {isa = PBXFileReference; lastKnownFileType = wrapper.framework; name = Foundation.framework; path = System/Library/Frameworks/Foundation.framework; sourceTree = SDKROOT; };
		B62F0D131487A12200FA38F8 /* CoreGraphics.framework */ = {isa = PBXFileReference; lastKnownFileType = wrapper.framework; name = CoreGraphics.framework; path = System/Library/Frameworks/CoreGraphics.framework; sourceTree = SDKROOT; };
		B62F0D171487A12200FA38F8 /* CSYJ-Info.plist */ = {isa = PBXFileReference; lastKnownFileType = text.plist.xml; path = "CSYJ-Info.plist"; sourceTree = "<group>"; };
		B62F0D191487A12200FA38F8 /* en */ = {isa = PBXFileReference; lastKnownFileType = text.plist.strings; name = en; path = en.lproj/InfoPlist.strings; sourceTree = "<group>"; };
		B62F0D1B1487A12200FA38F8 /* main.m */ = {isa = PBXFileReference; lastKnownFileType = sourcecode.c.objc; path = main.m; sourceTree = "<group>"; };
		B62F0D1D1487A12200FA38F8 /* CSYJ-Prefix.pch */ = {isa = PBXFileReference; lastKnownFileType = sourcecode.c.h; path = "CSYJ-Prefix.pch"; sourceTree = "<group>"; };
		B62F0D1E1487A12200FA38F8 /* AppDelegate.h */ = {isa = PBXFileReference; lastKnownFileType = sourcecode.c.h; path = AppDelegate.h; sourceTree = "<group>"; };
		B62F0D1F1487A12200FA38F8 /* AppDelegate.m */ = {isa = PBXFileReference; lastKnownFileType = sourcecode.c.objc; path = AppDelegate.m; sourceTree = "<group>"; };
		B62F0D251487A12200FA38F8 /* en */ = {isa = PBXFileReference; lastKnownFileType = file.xib; name = en; path = en.lproj/MainWindow.xib; sourceTree = "<group>"; };
		B62F0D2C1487A13900FA38F8 /* FMDatabase.h */ = {isa = PBXFileReference; fileEncoding = 4; lastKnownFileType = sourcecode.c.h; path = FMDatabase.h; sourceTree = "<group>"; };
		B62F0D2D1487A13900FA38F8 /* FMDatabase.m */ = {isa = PBXFileReference; fileEncoding = 4; lastKnownFileType = sourcecode.c.objc; path = FMDatabase.m; sourceTree = "<group>"; };
		B62F0D2E1487A13900FA38F8 /* FMDatabaseAdditions.h */ = {isa = PBXFileReference; fileEncoding = 4; lastKnownFileType = sourcecode.c.h; path = FMDatabaseAdditions.h; sourceTree = "<group>"; };
		B62F0D2F1487A13A00FA38F8 /* FMDatabaseAdditions.m */ = {isa = PBXFileReference; fileEncoding = 4; lastKnownFileType = sourcecode.c.objc; path = FMDatabaseAdditions.m; sourceTree = "<group>"; };
		B62F0D311487A13A00FA38F8 /* FMResultSet.h */ = {isa = PBXFileReference; fileEncoding = 4; lastKnownFileType = sourcecode.c.h; path = FMResultSet.h; sourceTree = "<group>"; };
		B62F0D321487A13A00FA38F8 /* FMResultSet.m */ = {isa = PBXFileReference; fileEncoding = 4; lastKnownFileType = sourcecode.c.objc; path = FMResultSet.m; sourceTree = "<group>"; };
		B62F0D371487A1A100FA38F8 /* libsqlite3.dylib */ = {isa = PBXFileReference; lastKnownFileType = "compiled.mach-o.dylib"; name = libsqlite3.dylib; path = usr/lib/libsqlite3.dylib; sourceTree = SDKROOT; };
		B62F0D3A1487A2FB00FA38F8 /* HMDataBase.h */ = {isa = PBXFileReference; fileEncoding = 4; lastKnownFileType = sourcecode.c.h; path = HMDataBase.h; sourceTree = "<group>"; };
		B62F0D3B1487A2FB00FA38F8 /* HMDataBase.m */ = {isa = PBXFileReference; fileEncoding = 4; lastKnownFileType = sourcecode.c.objc; path = HMDataBase.m; sourceTree = "<group>"; };
		B62F0D3E1487B7C900FA38F8 /* HMCell.xib */ = {isa = PBXFileReference; fileEncoding = 4; lastKnownFileType = file.xib; path = HMCell.xib; sourceTree = "<group>"; };
		B62F0D401487BB6C00FA38F8 /* HMCell.h */ = {isa = PBXFileReference; fileEncoding = 4; lastKnownFileType = sourcecode.c.h; path = HMCell.h; sourceTree = "<group>"; };
		B62F0D411487BB6C00FA38F8 /* HMCell.m */ = {isa = PBXFileReference; fileEncoding = 4; lastKnownFileType = sourcecode.c.objc; path = HMCell.m; sourceTree = "<group>"; };
		B68355EF15B6EE1300D19324 /* HMTableViewController.h */ = {isa = PBXFileReference; fileEncoding = 4; lastKnownFileType = sourcecode.c.h; path = HMTableViewController.h; sourceTree = "<group>"; };
		B68355F015B6EE1300D19324 /* HMTableViewController.m */ = {isa = PBXFileReference; fileEncoding = 4; lastKnownFileType = sourcecode.c.objc; path = HMTableViewController.m; sourceTree = "<group>"; };
		B68355F115B6EE1300D19324 /* HMTableViewController.xib */ = {isa = PBXFileReference; fileEncoding = 4; lastKnownFileType = file.xib; path = HMTableViewController.xib; sourceTree = "<group>"; };
		B692183D15B4560E00CA6CC9 /* down.png */ = {isa = PBXFileReference; lastKnownFileType = image.png; path = down.png; sourceTree = "<group>"; };
		B692183E15B4560E00CA6CC9 /* up.png */ = {isa = PBXFileReference; lastKnownFileType = image.png; path = up.png; sourceTree = "<group>"; };
		B6A3E3CC15B30A5200FC1A78 /* HMManager.h */ = {isa = PBXFileReference; fileEncoding = 4; lastKnownFileType = sourcecode.c.h; path = HMManager.h; sourceTree = "<group>"; };
		B6A3E3CD15B30A5200FC1A78 /* HMManager.m */ = {isa = PBXFileReference; fileEncoding = 4; lastKnownFileType = sourcecode.c.objc; path = HMManager.m; sourceTree = "<group>"; };
		B6A3E3D115B30A7D00FC1A78 /* csyj.db */ = {isa = PBXFileReference; lastKnownFileType = file; path = csyj.db; sourceTree = "<group>"; };
		B6A3E3D215B30A7D00FC1A78 /* csyj_x.html */ = {isa = PBXFileReference; fileEncoding = 4; lastKnownFileType = text.html; path = csyj_x.html; sourceTree = "<group>"; };
		B6A3E3D315B30A7D00FC1A78 /* default.jpg */ = {isa = PBXFileReference; lastKnownFileType = image.jpeg; path = default.jpg; sourceTree = "<group>"; };
		B6A3E3D415B30A7D00FC1A78 /* Dictionary.txt */ = {isa = PBXFileReference; fileEncoding = 4; lastKnownFileType = text; path = Dictionary.txt; sourceTree = "<group>"; };
		B6A3E3D615B30A7D00FC1A78 /* 乌头.png */ = {isa = PBXFileReference; lastKnownFileType = image.png; path = "乌头.png"; sourceTree = "<group>"; };
		B6A3E3D715B30A7D00FC1A78 /* 乌梅.png */ = {isa = PBXFileReference; lastKnownFileType = image.png; path = "乌梅.png"; sourceTree = "<group>"; };
		B6A3E3D815B30A7D00FC1A78 /* 乱发.png */ = {isa = PBXFileReference; lastKnownFileType = image.png; path = "乱发.png"; sourceTree = "<group>"; };
		B6A3E3D915B30A7D00FC1A78 /* 云母.png */ = {isa = PBXFileReference; lastKnownFileType = image.png; path = "云母.png"; sourceTree = "<group>"; };
		B6A3E3DA15B30A7D00FC1A78 /* 五味子.png */ = {isa = PBXFileReference; lastKnownFileType = image.png; path = "五味子.png"; sourceTree = "<group>"; };
		B6A3E3DB15B30A7D00FC1A78 /* 人参.png */ = {isa = PBXFileReference; lastKnownFileType = image.png; path = "人参.png"; sourceTree = "<group>"; };
		B6A3E3DC15B30A7D00FC1A78 /* 人尿.png */ = {isa = PBXFileReference; lastKnownFileType = image.png; path = "人尿.png"; sourceTree = "<group>"; };
		B6A3E3DD15B30A7D00FC1A78 /* 代赭石.png */ = {isa = PBXFileReference; lastKnownFileType = image.png; path = "代赭石.png"; sourceTree = "<group>"; };
		B6A3E3DE15B30A7D00FC1A78 /* 制白附子.png */ = {isa = PBXFileReference; lastKnownFileType = image.png; path = "制白附子.png"; sourceTree = "<group>"; };
		B6A3E3DF15B30A7D00FC1A78 /* 升麻.png */ = {isa = PBXFileReference; lastKnownFileType = image.png; path = "升麻.png"; sourceTree = "<group>"; };
		B6A3E3E015B30A7D00FC1A78 /* 半夏.png */ = {isa = PBXFileReference; lastKnownFileType = image.png; path = "半夏.png"; sourceTree = "<group>"; };
		B6A3E3E115B30A7D00FC1A78 /* 厚朴.png */ = {isa = PBXFileReference; lastKnownFileType = image.png; path = "厚朴.png"; sourceTree = "<group>"; };
		B6A3E3E215B30A7D00FC1A78 /* 吴茱萸.png */ = {isa = PBXFileReference; lastKnownFileType = image.png; path = "吴茱萸.png"; sourceTree = "<group>"; };
		B6A3E3E315B30A7D00FC1A78 /* 商陆根.png */ = {isa = PBXFileReference; lastKnownFileType = image.png; path = "商陆根.png"; sourceTree = "<group>"; };
		B6A3E3E415B30A7D00FC1A78 /* 土瓜根.png */ = {isa = PBXFileReference; lastKnownFileType = image.png; path = "土瓜根.png"; sourceTree = "<group>"; };
		B6A3E3E515B30A7D00FC1A78 /* 地黄.png */ = {isa = PBXFileReference; lastKnownFileType = image.png; path = "地黄.png"; sourceTree = "<group>"; };
		B6A3E3E615B30A7D00FC1A78 /* 大戟.png */ = {isa = PBXFileReference; lastKnownFileType = image.png; path = "大戟.png"; sourceTree = "<group>"; };
		B6A3E3E715B30A7D00FC1A78 /* 大枣.png */ = {isa = PBXFileReference; lastKnownFileType = image.png; path = "大枣.png"; sourceTree = "<group>"; };
		B6A3E3E815B30A7D00FC1A78 /* 大麦.png */ = {isa = PBXFileReference; lastKnownFileType = image.png; path = "大麦.png"; sourceTree = "<group>"; };
		B6A3E3E915B30A7D00FC1A78 /* 大黄.png */ = {isa = PBXFileReference; lastKnownFileType = image.png; path = "大黄.png"; sourceTree = "<group>"; };
		B6A3E3EA15B30A7D00FC1A78 /* 天冬.png */ = {isa = PBXFileReference; lastKnownFileType = image.png; path = "天冬.png"; sourceTree = "<group>"; };
		B6A3E3EB15B30A7D00FC1A78 /* 射干.png */ = {isa = PBXFileReference; lastKnownFileType = image.png; path = "射干.png"; sourceTree = "<group>"; };
		B6A3E3EC15B30A7D00FC1A78 /* 小麦.png */ = {isa = PBXFileReference; lastKnownFileType = image.png; path = "小麦.png"; sourceTree = "<group>"; };
		B6A3E3ED15B30A7D00FC1A78 /* 山茱萸.png */ = {isa = PBXFileReference; lastKnownFileType = image.png; path = "山茱萸.png"; sourceTree = "<group>"; };
		B6A3E3EE15B30A7D00FC1A78 /* 巴豆.png */ = {isa = PBXFileReference; lastKnownFileType = image.png; path = "巴豆.png"; sourceTree = "<group>"; };
		B6A3E3EF15B30A7D00FC1A78 /* 干姜.png */ = {isa = PBXFileReference; lastKnownFileType = image.png; path = "干姜.png"; sourceTree = "<group>"; };
		B6A3E3F015B30A7D00FC1A78 /* 干漆.png */ = {isa = PBXFileReference; lastKnownFileType = image.png; path = "干漆.png"; sourceTree = "<group>"; };
		B6A3E3F115B30A7D00FC1A78 /* 当归.png */ = {isa = PBXFileReference; lastKnownFileType = image.png; path = "当归.png"; sourceTree = "<group>"; };
		B6A3E3F215B30A7D00FC1A78 /* 当归2.png */ = {isa = PBXFileReference; lastKnownFileType = image.png; path = "当归2.png"; sourceTree = "<group>"; };
		B6A3E3F315B30A7D00FC1A78 /* 戎盐.png */ = {isa = PBXFileReference; lastKnownFileType = image.png; path = "戎盐.png"; sourceTree = "<group>"; };
		B6A3E3F415B30A7D00FC1A78 /* 文蛤.png */ = {isa = PBXFileReference; lastKnownFileType = image.png; path = "文蛤.png"; sourceTree = "<group>"; };
		B6A3E3F515B30A7D00FC1A78 /* 新绛.png */ = {isa = PBXFileReference; lastKnownFileType = image.png; path = "新绛.png"; sourceTree = "<group>"; };
		B6A3E3F615B30A7D00FC1A78 /* 旋覆花.png */ = {isa = PBXFileReference; lastKnownFileType = image.png; path = "旋覆花.png"; sourceTree = "<group>"; };
		B6A3E3F715B30A7D00FC1A78 /* 未命名.png */ = {isa = PBXFileReference; lastKnownFileType = image.png; path = "未命名.png"; sourceTree = "<group>"; };
		B6A3E3F815B30A7D00FC1A78 /* 朱砂.png */ = {isa = PBXFileReference; lastKnownFileType = image.png; path = "朱砂.png"; sourceTree = "<group>"; };
		B6A3E3F915B30A7D00FC1A78 /* 杏仁.png */ = {isa = PBXFileReference; lastKnownFileType = image.png; path = "杏仁.png"; sourceTree = "<group>"; };
		B6A3E3FA15B30A7D00FC1A78 /* 枣仁.png */ = {isa = PBXFileReference; lastKnownFileType = image.png; path = "枣仁.png"; sourceTree = "<group>"; };
		B6A3E3FB15B30A7D00FC1A78 /* 枳实.png */ = {isa = PBXFileReference; lastKnownFileType = image.png; path = "枳实.png"; sourceTree = "<group>"; };
		B6A3E3FC15B30A7D00FC1A78 /* 柏叶.png */ = {isa = PBXFileReference; lastKnownFileType = image.png; path = "柏叶.png"; sourceTree = "<group>"; };
		B6A3E3FD15B30A7D00FC1A78 /* 柏子仁.png */ = {isa = PBXFileReference; lastKnownFileType = image.png; path = "柏子仁.png"; sourceTree = "<group>"; };
		B6A3E3FE15B30A7D00FC1A78 /* 柏实.png */ = {isa = PBXFileReference; lastKnownFileType = image.png; path = "柏实.png"; sourceTree = "<group>"; };
		B6A3E3FF15B30A7D00FC1A78 /* 柴胡.png */ = {isa = PBXFileReference; lastKnownFileType = image.png; path = "柴胡.png"; sourceTree = "<group>"; };
		B6A3E40015B30A7D00FC1A78 /* 栀子.png */ = {isa = PBXFileReference; lastKnownFileType = image.png; path = "栀子.png"; sourceTree = "<group>"; };
		B6A3E40115B30A7D00FC1A78 /* 栝蒌实.png */ = {isa = PBXFileReference; lastKnownFileType = image.png; path = "栝蒌实.png"; sourceTree = "<group>"; };
		B6A3E40215B30A7D00FC1A78 /* 栝蒌根.png */ = {isa = PBXFileReference; lastKnownFileType = image.png; path = "栝蒌根.png"; sourceTree = "<group>"; };
		B6A3E40315B30A7D00FC1A78 /* 桂枝.png */ = {isa = PBXFileReference; lastKnownFileType = image.png; path = "桂枝.png"; sourceTree = "<group>"; };
		B6A3E40415B30A7D00FC1A78 /* 桃仁.png */ = {isa = PBXFileReference; lastKnownFileType = image.png; path = "桃仁.png"; sourceTree = "<group>"; };
		B6A3E40515B30A7D00FC1A78 /* 桑根白皮.png */ = {isa = PBXFileReference; lastKnownFileType = image.png; path = "桑根白皮.png"; sourceTree = "<group>"; };
		B6A3E40615B30A7D00FC1A78 /* 桔梗.png */ = {isa = PBXFileReference; lastKnownFileType = image.png; path = "桔梗.png"; sourceTree = "<group>"; };
		B6A3E40715B30A7D00FC1A78 /* 橘皮.png */ = {isa = PBXFileReference; lastKnownFileType = image.png; path = "橘皮.png"; sourceTree = "<group>"; };
		B6A3E40815B30A7D00FC1A78 /* 款冬花.png */ = {isa = PBXFileReference; lastKnownFileType = image.png; path = "款冬花.png"; sourceTree = "<group>"; };
		B6A3E40915B30A7D00FC1A78 /* 水蛭.png */ = {isa = PBXFileReference; lastKnownFileType = image.png; path = "水蛭.png"; sourceTree = "<group>"; };
		B6A3E40A15B30A7D00FC1A78 /* 泽泻.png */ = {isa = PBXFileReference; lastKnownFileType = image.png; path = "泽泻.png"; sourceTree = "<group>"; };
		B6A3E40B15B30A7D00FC1A78 /* 泽漆.png */ = {isa = PBXFileReference; lastKnownFileType = image.png; path = "泽漆.png"; sourceTree = "<group>"; };
		B6A3E40C15B30A7D00FC1A78 /* 海藻.png */ = {isa = PBXFileReference; lastKnownFileType = image.png; path = "海藻.png"; sourceTree = "<group>"; };
		B6A3E40D15B30A7D00FC1A78 /* 清半夏.png */ = {isa = PBXFileReference; lastKnownFileType = image.png; path = "清半夏.png"; sourceTree = "<group>"; };
		B6A3E40E15B30A7D00FC1A78 /* 滑石.png */ = {isa = PBXFileReference; lastKnownFileType = image.png; path = "滑石.png"; sourceTree = "<group>"; };
		B6A3E40F15B30A7D00FC1A78 /* 灶中黄土.png */ = {isa = PBXFileReference; lastKnownFileType = image.png; path = "灶中黄土.png"; sourceTree = "<group>"; };
		B6A3E41015B30A7D00FC1A78 /* 焦神曲.png */ = {isa = PBXFileReference; lastKnownFileType = image.png; path = "焦神曲.png"; sourceTree = "<group>"; };
		B6A3E41115B30A7D00FC1A78 /* 熟地黄.png */ = {isa = PBXFileReference; lastKnownFileType = image.png; path = "熟地黄.png"; sourceTree = "<group>"; };
		B6A3E41215B30A7D00FC1A78 /* 牡丹皮.png */ = {isa = PBXFileReference; lastKnownFileType = image.png; path = "牡丹皮.png"; sourceTree = "<group>"; };
		B6A3E41315B30A7D00FC1A78 /* 牡丹皮2.png */ = {isa = PBXFileReference; lastKnownFileType = image.png; path = "牡丹皮2.png"; sourceTree = "<group>"; };
		B6A3E41415B30A7D00FC1A78 /* 牡蛎.png */ = {isa = PBXFileReference; lastKnownFileType = image.png; path = "牡蛎.png"; sourceTree = "<group>"; };
		B6A3E41515B30A7D00FC1A78 /* 狼牙.png */ = {isa = PBXFileReference; lastKnownFileType = image.png; path = "狼牙.png"; sourceTree = "<group>"; };
		B6A3E41615B30A7D00FC1A78 /* 猪肤.png */ = {isa = PBXFileReference; lastKnownFileType = image.png; path = "猪肤.png"; sourceTree = "<group>"; };
		B6A3E41715B30A7D00FC1A78 /* 猪胆汁.png */ = {isa = PBXFileReference; lastKnownFileType = image.png; path = "猪胆汁.png"; sourceTree = "<group>"; };
		B6A3E41815B30A7D00FC1A78 /* 猪膏.png */ = {isa = PBXFileReference; lastKnownFileType = image.png; path = "猪膏.png"; sourceTree = "<group>"; };
		B6A3E41915B30A7D00FC1A78 /* 猪苓.png */ = {isa = PBXFileReference; lastKnownFileType = image.png; path = "猪苓.png"; sourceTree = "<group>"; };
		B6A3E41A15B30A7D00FC1A78 /* 王不留行.png */ = {isa = PBXFileReference; lastKnownFileType = image.png; path = "王不留行.png"; sourceTree = "<group>"; };
		B6A3E41B15B30A7D00FC1A78 /* 瓜子.png */ = {isa = PBXFileReference; lastKnownFileType = image.png; path = "瓜子.png"; sourceTree = "<group>"; };
		B6A3E41C15B30A7D00FC1A78 /* 瓜蒂.png */ = {isa = PBXFileReference; lastKnownFileType = image.png; path = "瓜蒂.png"; sourceTree = "<group>"; };
		B6A3E41D15B30A7D00FC1A78 /* 甘李根白皮.png */ = {isa = PBXFileReference; lastKnownFileType = image.png; path = "甘李根白皮.png"; sourceTree = "<group>"; };
		B6A3E41E15B30A7D00FC1A78 /* 甘草.png */ = {isa = PBXFileReference; lastKnownFileType = image.png; path = "甘草.png"; sourceTree = "<group>"; };
		B6A3E41F15B30A7D00FC1A78 /* 甘草片.png */ = {isa = PBXFileReference; lastKnownFileType = image.png; path = "甘草片.png"; sourceTree = "<group>"; };
		B6A3E42015B30A7D00FC1A78 /* 甘遂.png */ = {isa = PBXFileReference; lastKnownFileType = image.png; path = "甘遂.png"; sourceTree = "<group>"; };
		B6A3E42115B30A7D00FC1A78 /* 生姜.png */ = {isa = PBXFileReference; lastKnownFileType = image.png; path = "生姜.png"; sourceTree = "<group>"; };
		B6A3E42215B30A7D00FC1A78 /* 生梓白皮.png */ = {isa = PBXFileReference; lastKnownFileType = image.png; path = "生梓白皮.png"; sourceTree = "<group>"; };
		B6A3E42315B30A7D00FC1A78 /* 白前.png */ = {isa = PBXFileReference; lastKnownFileType = image.png; path = "白前.png"; sourceTree = "<group>"; };
		B6A3E42415B30A7D00FC1A78 /* 白前2.png */ = {isa = PBXFileReference; lastKnownFileType = image.png; path = "白前2.png"; sourceTree = "<group>"; };
		B6A3E42515B30A7D00FC1A78 /* 白头翁.png */ = {isa = PBXFileReference; lastKnownFileType = image.png; path = "白头翁.png"; sourceTree = "<group>"; };
		B6A3E42615B30A7D00FC1A78 /* 白术.png */ = {isa = PBXFileReference; lastKnownFileType = image.png; path = "白术.png"; sourceTree = "<group>"; };
		B6A3E42715B30A7D00FC1A78 /* 白蔹.png */ = {isa = PBXFileReference; lastKnownFileType = image.png; path = "白蔹.png"; sourceTree = "<group>"; };
		B6A3E42815B30A7D00FC1A78 /* 白薇.png */ = {isa = PBXFileReference; lastKnownFileType = image.png; path = "白薇.png"; sourceTree = "<group>"; };
		B6A3E42915B30A7D00FC1A78 /* 白蜜.png */ = {isa = PBXFileReference; lastKnownFileType = image.png; path = "白蜜.png"; sourceTree = "<group>"; };
		B6A3E42A15B30A7D00FC1A78 /* 白附子.png */ = {isa = PBXFileReference; lastKnownFileType = image.png; path = "白附子.png"; sourceTree = "<group>"; };
		B6A3E42B15B30A7D00FC1A78 /* 百合.png */ = {isa = PBXFileReference; lastKnownFileType = image.png; path = "百合.png"; sourceTree = "<group>"; };
		B6A3E42C15B30A7D00FC1A78 /* 皂荚.png */ = {isa = PBXFileReference; lastKnownFileType = image.png; path = "皂荚.png"; sourceTree = "<group>"; };
		B6A3E42D15B30A7D00FC1A78 /* 瞿麦.png */ = {isa = PBXFileReference; lastKnownFileType = image.png; path = "瞿麦.png"; sourceTree = "<group>"; };
		B6A3E42E15B30A7D00FC1A78 /* 知母.png */ = {isa = PBXFileReference; lastKnownFileType = image.png; path = "知母.png"; sourceTree = "<group>"; };
		B6A3E42F15B30A7D00FC1A78 /* 石膏.png */ = {isa = PBXFileReference; lastKnownFileType = image.png; path = "石膏.png"; sourceTree = "<group>"; };
		B6A3E43015B30A7D00FC1A78 /* 石膏粉.png */ = {isa = PBXFileReference; lastKnownFileType = image.png; path = "石膏粉.png"; sourceTree = "<group>"; };
		B6A3E43115B30A7D00FC1A78 /* 石韦.png */ = {isa = PBXFileReference; lastKnownFileType = image.png; path = "石韦.png"; sourceTree = "<group>"; };
		B6A3E43215B30A7D00FC1A78 /* 矾石.png */ = {isa = PBXFileReference; lastKnownFileType = image.png; path = "矾石.png"; sourceTree = "<group>"; };
		B6A3E43315B30A7D00FC1A78 /* 硝石.png */ = {isa = PBXFileReference; lastKnownFileType = image.png; path = "硝石.png"; sourceTree = "<group>"; };
		B6A3E43415B30A7D00FC1A78 /* 神曲.png */ = {isa = PBXFileReference; lastKnownFileType = image.png; path = "神曲.png"; sourceTree = "<group>"; };
		B6A3E43515B30A7D00FC1A78 /* 禹余粮.png */ = {isa = PBXFileReference; lastKnownFileType = image.png; path = "禹余粮.png"; sourceTree = "<group>"; };
		B6A3E43615B30A7D00FC1A78 /* 秦皮.png */ = {isa = PBXFileReference; lastKnownFileType = image.png; path = "秦皮.png"; sourceTree = "<group>"; };
		B6A3E43715B30A7D00FC1A78 /* 竹叶.png */ = {isa = PBXFileReference; lastKnownFileType = image.png; path = "竹叶.png"; sourceTree = "<group>"; };
		B6A3E43815B30A7D00FC1A78 /* 竹茹.png */ = {isa = PBXFileReference; lastKnownFileType = image.png; path = "竹茹.png"; sourceTree = "<group>"; };
		B6A3E43915B30A7D00FC1A78 /* 粳米.png */ = {isa = PBXFileReference; lastKnownFileType = image.png; path = "粳米.png"; sourceTree = "<group>"; };
		B6A3E43A15B30A7D00FC1A78 /* 紫参.png */ = {isa = PBXFileReference; lastKnownFileType = image.png; path = "紫参.png"; sourceTree = "<group>"; };
		B6A3E43B15B30A7D00FC1A78 /* 紫菀.png */ = {isa = PBXFileReference; lastKnownFileType = image.png; path = "紫菀.png"; sourceTree = "<group>"; };
		B6A3E43C15B30A7D00FC1A78 /* 紫葳.png */ = {isa = PBXFileReference; lastKnownFileType = image.png; path = "紫葳.png"; sourceTree = "<group>"; };
		B6A3E43D15B30A7D00FC1A78 /* 红蓝花.png */ = {isa = PBXFileReference; lastKnownFileType = image.png; path = "红蓝花.png"; sourceTree = "<group>"; };
		B6A3E43E15B30A7D00FC1A78 /* 细辛.png */ = {isa = PBXFileReference; lastKnownFileType = image.png; path = "细辛.png"; sourceTree = "<group>"; };
		B6A3E43F15B30A7D00FC1A78 /* 羊肉.png */ = {isa = PBXFileReference; lastKnownFileType = image.png; path = "羊肉.png"; sourceTree = "<group>"; };
		B6A3E44015B30A7D00FC1A78 /* 胶饴.png */ = {isa = PBXFileReference; lastKnownFileType = image.png; path = "胶饴.png"; sourceTree = "<group>"; };
		B6A3E44115B30A7D00FC1A78 /* 艾叶.png */ = {isa = PBXFileReference; lastKnownFileType = image.png; path = "艾叶.png"; sourceTree = "<group>"; };
		B6A3E44215B30A7D00FC1A78 /* 芍药.png */ = {isa = PBXFileReference; lastKnownFileType = image.png; path = "芍药.png"; sourceTree = "<group>"; };
		B6A3E44315B30A7D00FC1A78 /* 芎藭.png */ = {isa = PBXFileReference; lastKnownFileType = image.png; path = "芎藭.png"; sourceTree = "<group>"; };
		B6A3E44415B30A7D00FC1A78 /* 芒硝.png */ = {isa = PBXFileReference; lastKnownFileType = image.png; path = "芒硝.png"; sourceTree = "<group>"; };
		B6A3E44515B30A7D00FC1A78 /* 芫花.png */ = {isa = PBXFileReference; lastKnownFileType = image.png; path = "芫花.png"; sourceTree = "<group>"; };
		B6A3E44615B30A7D00FC1A78 /* 苏叶.png */ = {isa = PBXFileReference; lastKnownFileType = image.png; path = "苏叶.png"; sourceTree = "<group>"; };
		B6A3E44715B30A7D00FC1A78 /* 苦参.png */ = {isa = PBXFileReference; lastKnownFileType = image.png; path = "苦参.png"; sourceTree = "<group>"; };
		B6A3E44815B30A7D00FC1A78 /* 苦杏仁.png */ = {isa = PBXFileReference; lastKnownFileType = image.png; path = "苦杏仁.png"; sourceTree = "<group>"; };
		B6A3E44915B30A7D00FC1A78 /* 苦酒.png */ = {isa = PBXFileReference; lastKnownFileType = image.png; path = "苦酒.png"; sourceTree = "<group>"; };
		B6A3E44A15B30A7D00FC1A78 /* 茯苓.png */ = {isa = PBXFileReference; lastKnownFileType = image.png; path = "茯苓.png"; sourceTree = "<group>"; };
		B6A3E44B15B30A7D00FC1A78 /* 茯苓2.png */ = {isa = PBXFileReference; lastKnownFileType = image.png; path = "茯苓2.png"; sourceTree = "<group>"; };
		B6A3E44C15B30A7D00FC1A78 /* 茵陈蒿.png */ = {isa = PBXFileReference; lastKnownFileType = image.png; path = "茵陈蒿.png"; sourceTree = "<group>"; };
		B6A3E44D15B30A7D00FC1A78 /* 萎蕤.png */ = {isa = PBXFileReference; lastKnownFileType = image.png; path = "萎蕤.png"; sourceTree = "<group>"; };
		B6A3E44E15B30A7D00FC1A78 /* 葛根.png */ = {isa = PBXFileReference; lastKnownFileType = image.png; path = "葛根.png"; sourceTree = "<group>"; };
		B6A3E44F15B30A7D00FC1A78 /* 葱白.png */ = {isa = PBXFileReference; lastKnownFileType = image.png; path = "葱白.png"; sourceTree = "<group>"; };
		B6A3E45015B30A7D00FC1A78 /* 葵子.png */ = {isa = PBXFileReference; lastKnownFileType = image.png; path = "葵子.png"; sourceTree = "<group>"; };
		B6A3E45115B30A7D00FC1A78 /* 葶苈.png */ = {isa = PBXFileReference; lastKnownFileType = image.png; path = "葶苈.png"; sourceTree = "<group>"; };
		B6A3E45215B30A7D00FC1A78 /* 蒴藋.png */ = {isa = PBXFileReference; lastKnownFileType = image.png; path = "蒴藋.png"; sourceTree = "<group>"; };
		B6A3E45315B30A7D00FC1A78 /* 薏苡.png */ = {isa = PBXFileReference; lastKnownFileType = image.png; path = "薏苡.png"; sourceTree = "<group>"; };
		B6A3E45415B30A7D00FC1A78 /* 薤白.png */ = {isa = PBXFileReference; lastKnownFileType = image.png; path = "薤白.png"; sourceTree = "<group>"; };
		B6A3E45515B30A7D00FC1A78 /* 薯蓣.png */ = {isa = PBXFileReference; lastKnownFileType = image.png; path = "薯蓣.png"; sourceTree = "<group>"; };
		B6A3E45615B30A7D00FC1A78 /* 藜芦.png */ = {isa = PBXFileReference; lastKnownFileType = image.png; path = "藜芦.png"; sourceTree = "<group>"; };
		B6A3E45715B30A7D00FC1A78 /* 虻虫.png */ = {isa = PBXFileReference; lastKnownFileType = image.png; path = "虻虫.png"; sourceTree = "<group>"; };
		B6A3E45815B30A7D00FC1A78 /* 蛇床子.png */ = {isa = PBXFileReference; lastKnownFileType = image.png; path = "蛇床子.png"; sourceTree = "<group>"; };
		B6A3E45915B30A7D00FC1A78 /* 蛴螬.png */ = {isa = PBXFileReference; lastKnownFileType = image.png; path = "蛴螬.png"; sourceTree = "<group>"; };
		B6A3E45A15B30A7D00FC1A78 /* 蜀椒.png */ = {isa = PBXFileReference; lastKnownFileType = image.png; path = "蜀椒.png"; sourceTree = "<group>"; };
		B6A3E45B15B30A7D00FC1A78 /* 蜀漆.png */ = {isa = PBXFileReference; lastKnownFileType = image.png; path = "蜀漆.png"; sourceTree = "<group>"; };
		B6A3E45C15B30A7D00FC1A78 /* 蜂窠.png */ = {isa = PBXFileReference; lastKnownFileType = image.png; path = "蜂窠.png"; sourceTree = "<group>"; };
		B6A3E45D15B30A7D00FC1A78 /* 蜣螂.png */ = {isa = PBXFileReference; lastKnownFileType = image.png; path = "蜣螂.png"; sourceTree = "<group>"; };
		B6A3E45E15B30A7D00FC1A78 /* 蟅虫.png */ = {isa = PBXFileReference; lastKnownFileType = image.png; path = "蟅虫.png"; sourceTree = "<group>"; };
		B6A3E45F15B30A7D00FC1A78 /* 诃黎勒.png */ = {isa = PBXFileReference; lastKnownFileType = image.png; path = "诃黎勒.png"; sourceTree = "<group>"; };
		B6A3E46015B30A7D00FC1A78 /* 豆黄卷.png */ = {isa = PBXFileReference; lastKnownFileType = image.png; path = "豆黄卷.png"; sourceTree = "<group>"; };
		B6A3E46115B30A7D00FC1A78 /* 贝母.png */ = {isa = PBXFileReference; lastKnownFileType = image.png; path = "贝母.png"; sourceTree = "<group>"; };
		B6A3E46215B30A7D00FC1A78 /* 败酱.png */ = {isa = PBXFileReference; lastKnownFileType = image.png; path = "败酱.png"; sourceTree = "<group>"; };
		B6A3E46315B30A7D00FC1A78 /* 赤小豆.png */ = {isa = PBXFileReference; lastKnownFileType = image.png; path = "赤小豆.png"; sourceTree = "<group>"; };
		B6A3E46415B30A7D00FC1A78 /* 赤石脂.png */ = {isa = PBXFileReference; lastKnownFileType = image.png; path = "赤石脂.png"; sourceTree = "<group>"; };
		B6A3E46515B30A7D00FC1A78 /* 赤硝.png */ = {isa = PBXFileReference; lastKnownFileType = image.png; path = "赤硝.png"; sourceTree = "<group>"; };
		B6A3E46615B30A7D00FC1A78 /* 连翘.png */ = {isa = PBXFileReference; lastKnownFileType = image.png; path = "连翘.png"; sourceTree = "<group>"; };
		B6A3E46715B30A7D00FC1A78 /* 通草.png */ = {isa = PBXFileReference; lastKnownFileType = image.png; path = "通草.png"; sourceTree = "<group>"; };
		B6A3E46815B30A7D00FC1A78 /* 铅丹.png */ = {isa = PBXFileReference; lastKnownFileType = image.png; path = "铅丹.png"; sourceTree = "<group>"; };
		B6A3E46915B30A7D00FC1A78 /* 铅粉.png */ = {isa = PBXFileReference; lastKnownFileType = image.png; path = "铅粉.png"; sourceTree = "<group>"; };
		B6A3E46A15B30A7D00FC1A78 /* 防己.png */ = {isa = PBXFileReference; lastKnownFileType = image.png; path = "防己.png"; sourceTree = "<group>"; };
		B6A3E46B15B30A7D00FC1A78 /* 防风.png */ = {isa = PBXFileReference; lastKnownFileType = image.png; path = "防风.png"; sourceTree = "<group>"; };
		B6A3E46C15B30A7D00FC1A78 /* 阿胶.png */ = {isa = PBXFileReference; lastKnownFileType = image.png; path = "阿胶.png"; sourceTree = "<group>"; };
		B6A3E46D15B30A7D00FC1A78 /* 附子.png */ = {isa = PBXFileReference; lastKnownFileType = image.png; path = "附子.png"; sourceTree = "<group>"; };
		B6A3E46E15B30A7D00FC1A78 /* 雄黄.png */ = {isa = PBXFileReference; lastKnownFileType = image.png; path = "雄黄.png"; sourceTree = "<group>"; };
		B6A3E46F15B30A7D00FC1A78 /* 雄黄矿石.png */ = {isa = PBXFileReference; lastKnownFileType = image.png; path = "雄黄矿石.png"; sourceTree = "<group>"; };
		B6A3E47015B30A7D00FC1A78 /* 香豉.png */ = {isa = PBXFileReference; lastKnownFileType = image.png; path = "香豉.png"; sourceTree = "<group>"; };
		B6A3E47115B30A7D00FC1A78 /* 马通.png */ = {isa = PBXFileReference; lastKnownFileType = image.png; path = "马通.png"; sourceTree = "<group>"; };
		B6A3E47215B30A7D00FC1A78 /* 鳖甲.png */ = {isa = PBXFileReference; lastKnownFileType = image.png; path = "鳖甲.png"; sourceTree = "<group>"; };
		B6A3E47315B30A7D00FC1A78 /* 鸡子白.png */ = {isa = PBXFileReference; lastKnownFileType = image.png; path = "鸡子白.png"; sourceTree = "<group>"; };
		B6A3E47415B30A7D00FC1A78 /* 鸡子黄.png */ = {isa = PBXFileReference; lastKnownFileType = image.png; path = "鸡子黄.png"; sourceTree = "<group>"; };
		B6A3E47515B30A7D00FC1A78 /* 鸡屎白.png */ = {isa = PBXFileReference; lastKnownFileType = image.png; path = "鸡屎白.png"; sourceTree = "<group>"; };
		B6A3E47615B30A7D00FC1A78 /* 麦冬.png */ = {isa = PBXFileReference; lastKnownFileType = image.png; path = "麦冬.png"; sourceTree = "<group>"; };
		B6A3E47715B30A7D00FC1A78 /* 麻仁.png */ = {isa = PBXFileReference; lastKnownFileType = image.png; path = "麻仁.png"; sourceTree = "<group>"; };
		B6A3E47815B30A7D00FC1A78 /* 麻黄.png */ = {isa = PBXFileReference; lastKnownFileType = image.png; path = "麻黄.png"; sourceTree = "<group>"; };
		B6A3E47915B30A7D00FC1A78 /* 黄柏.png */ = {isa = PBXFileReference; lastKnownFileType = image.png; path = "黄柏.png"; sourceTree = "<group>"; };
		B6A3E47A15B30A7D00FC1A78 /* 黄芩.png */ = {isa = PBXFileReference; lastKnownFileType = image.png; path = "黄芩.png"; sourceTree = "<group>"; };
		B6A3E47B15B30A7D00FC1A78 /* 黄芩片.png */ = {isa = PBXFileReference; lastKnownFileType = image.png; path = "黄芩片.png"; sourceTree = "<group>"; };
		B6A3E47C15B30A7D00FC1A78 /* 黄芪.png */ = {isa = PBXFileReference; lastKnownFileType = image.png; path = "黄芪.png"; sourceTree = "<group>"; };
		B6A3E47D15B30A7D00FC1A78 /* 黄连.png */ = {isa = PBXFileReference; lastKnownFileType = image.png; path = "黄连.png"; sourceTree = "<group>"; };
		B6A3E47E15B30A7D00FC1A78 /* 黄酒.png */ = {isa = PBXFileReference; lastKnownFileType = image.png; path = "黄酒.png"; sourceTree = "<group>"; };
		B6A3E47F15B30A7D00FC1A78 /* 鼠妇.png */ = {isa = PBXFileReference; lastKnownFileType = image.png; path = "鼠妇.png"; sourceTree = "<group>"; };
		B6A3E48015B30A7D00FC1A78 /* 龙骨.png */ = {isa = PBXFileReference; lastKnownFileType = image.png; path = "龙骨.png"; sourceTree = "<group>"; };
		B6A3E48115B30A7D00FC1A78 /* template.html */ = {isa = PBXFileReference; fileEncoding = 4; lastKnownFileType = text.html; path = template.html; sourceTree = "<group>"; };
		B6C78C1C15A51384006D6FE7 /* HMViewController.h */ = {isa = PBXFileReference; fileEncoding = 4; lastKnownFileType = sourcecode.c.h; path = HMViewController.h; sourceTree = "<group>"; };
		B6C78C1D15A51384006D6FE7 /* HMViewController.m */ = {isa = PBXFileReference; fileEncoding = 4; lastKnownFileType = sourcecode.c.objc; path = HMViewController.m; sourceTree = "<group>"; };
		B6C78C1E15A51384006D6FE7 /* HMViewController.xib */ = {isa = PBXFileReference; fileEncoding = 4; lastKnownFileType = file.xib; path = HMViewController.xib; sourceTree = "<group>"; };
		B6D55FE315B586F4004C49A7 /* ConvertJF.h */ = {isa = PBXFileReference; fileEncoding = 4; lastKnownFileType = sourcecode.c.h; path = ConvertJF.h; sourceTree = "<group>"; };
		B6D55FE415B586F4004C49A7 /* ConvertJF.m */ = {isa = PBXFileReference; fileEncoding = 4; lastKnownFileType = sourcecode.c.objc; path = ConvertJF.m; sourceTree = "<group>"; };
		B6DE474915AB1410009D4C95 /* Icon.png */ = {isa = PBXFileReference; lastKnownFileType = image.png; path = Icon.png; sourceTree = "<group>"; };
		B6DE474B15AB1414009D4C95 /* Icon@2x.png */ = {isa = PBXFileReference; lastKnownFileType = image.png; path = "Icon@2x.png"; sourceTree = "<group>"; };
		B6EB13C715AC66380033B43E /* WebViewController.h */ = {isa = PBXFileReference; fileEncoding = 4; lastKnownFileType = sourcecode.c.h; path = WebViewController.h; sourceTree = "<group>"; };
		B6EB13C815AC66380033B43E /* WebViewController.m */ = {isa = PBXFileReference; fileEncoding = 4; lastKnownFileType = sourcecode.c.objc; path = WebViewController.m; sourceTree = "<group>"; };
		B6EB13C915AC66380033B43E /* WebViewController.xib */ = {isa = PBXFileReference; fileEncoding = 4; lastKnownFileType = file.xib; path = WebViewController.xib; sourceTree = "<group>"; };
/* End PBXFileReference section */

/* Begin PBXFrameworksBuildPhase section */
		B62F0D081487A12200FA38F8 /* Frameworks */ = {
			isa = PBXFrameworksBuildPhase;
			buildActionMask = 2147483647;
			files = (
				320AF8492C47A4D819F7C451 /* QuartzCore.framework in Frameworks */,
				B62F0D381487A1A100FA38F8 /* libsqlite3.dylib in Frameworks */,
				B62F0D101487A12200FA38F8 /* UIKit.framework in Frameworks */,
				B62F0D121487A12200FA38F8 /* Foundation.framework in Frameworks */,
				B62F0D141487A12200FA38F8 /* CoreGraphics.framework in Frameworks */,
			);
			runOnlyForDeploymentPostprocessing = 0;
		};
/* End PBXFrameworksBuildPhase section */

/* Begin PBXGroup section */
		B62F0D001487A12200FA38F8 = {
			isa = PBXGroup;
			children = (
				B6DE474B15AB1414009D4C95 /* Icon@2x.png */,
				B6DE474915AB1410009D4C95 /* Icon.png */,
				B62F0D151487A12200FA38F8 /* CSYJ */,
				B62F0D0E1487A12200FA38F8 /* Frameworks */,
				B62F0D0C1487A12200FA38F8 /* Products */,
			);
			sourceTree = "<group>";
		};
		B62F0D0C1487A12200FA38F8 /* Products */ = {
			isa = PBXGroup;
			children = (
				B62F0D0B1487A12200FA38F8 /* CSYJ.app */,
			);
			name = Products;
			sourceTree = "<group>";
		};
		B62F0D0E1487A12200FA38F8 /* Frameworks */ = {
			isa = PBXGroup;
			children = (
				320AF8492C47A4D819F7C450 /* QuartzCore.framework */,
				B62F0D371487A1A100FA38F8 /* libsqlite3.dylib */,
				B62F0D0F1487A12200FA38F8 /* UIKit.framework */,
				B62F0D111487A12200FA38F8 /* Foundation.framework */,
				B62F0D131487A12200FA38F8 /* CoreGraphics.framework */,
			);
			name = Frameworks;
			sourceTree = "<group>";
		};
		B62F0D151487A12200FA38F8 /* CSYJ */ = {
			isa = PBXGroup;
			children = (
				B6A3E3D015B30A7D00FC1A78 /* Resources */,
				B62F0D161487A12200FA38F8 /* Supporting Files */,
				B6EB13C415AC65740033B43E /* three */,
				B6EB13C515AC65990033B43E /* dataBase */,
				B62F0D1E1487A12200FA38F8 /* AppDelegate.h */,
				B62F0D1F1487A12200FA38F8 /* AppDelegate.m */,
				B62F0D241487A12200FA38F8 /* MainWindow.xib */,
				B62F0D3E1487B7C900FA38F8 /* HMCell.xib */,
				B62F0D401487BB6C00FA38F8 /* HMCell.h */,
				B62F0D411487BB6C00FA38F8 /* HMCell.m */,
				B6C78C1C15A51384006D6FE7 /* HMViewController.h */,
				B6C78C1D15A51384006D6FE7 /* HMViewController.m */,
				B6C78C1E15A51384006D6FE7 /* HMViewController.xib */,
				B6EB13C715AC66380033B43E /* WebViewController.h */,
				B6EB13C815AC66380033B43E /* WebViewController.m */,
				B6EB13C915AC66380033B43E /* WebViewController.xib */,
				B68355EF15B6EE1300D19324 /* HMTableViewController.h */,
				B68355F015B6EE1300D19324 /* HMTableViewController.m */,
				B68355F115B6EE1300D19324 /* HMTableViewController.xib */,
			);
			path = CSYJ;
			sourceTree = "<group>";
		};
		B62F0D161487A12200FA38F8 /* Supporting Files */ = {
			isa = PBXGroup;
			children = (
				B62F0D171487A12200FA38F8 /* CSYJ-Info.plist */,
				B62F0D181487A12200FA38F8 /* InfoPlist.strings */,
				B62F0D1B1487A12200FA38F8 /* main.m */,
				B62F0D1D1487A12200FA38F8 /* CSYJ-Prefix.pch */,
			);
			name = "Supporting Files";
			sourceTree = "<group>";
		};
		B6A3E3D015B30A7D00FC1A78 /* Resources */ = {
			isa = PBXGroup;
			children = (
				A18B9FE215B8116400DCEC60 /* csyj-xu.png */,
				B692183D15B4560E00CA6CC9 /* down.png */,
				B692183E15B4560E00CA6CC9 /* up.png */,
				B6A3E3D115B30A7D00FC1A78 /* csyj.db */,
				B6A3E3D215B30A7D00FC1A78 /* csyj_x.html */,
				B6A3E3D315B30A7D00FC1A78 /* default.jpg */,
				B6A3E3D415B30A7D00FC1A78 /* Dictionary.txt */,
				B6A3E3D515B30A7D00FC1A78 /* hmImage */,
				B6A3E48115B30A7D00FC1A78 /* template.html */,
			);
			path = Resources;
			sourceTree = "<group>";
		};
		B6A3E3D515B30A7D00FC1A78 /* hmImage */ = {
			isa = PBXGroup;
			children = (
				B6A3E3D615B30A7D00FC1A78 /* 乌头.png */,
				B6A3E3D715B30A7D00FC1A78 /* 乌梅.png */,
				B6A3E3D815B30A7D00FC1A78 /* 乱发.png */,
				B6A3E3D915B30A7D00FC1A78 /* 云母.png */,
				B6A3E3DA15B30A7D00FC1A78 /* 五味子.png */,
				B6A3E3DB15B30A7D00FC1A78 /* 人参.png */,
				B6A3E3DC15B30A7D00FC1A78 /* 人尿.png */,
				B6A3E3DD15B30A7D00FC1A78 /* 代赭石.png */,
				B6A3E3DE15B30A7D00FC1A78 /* 制白附子.png */,
				B6A3E3DF15B30A7D00FC1A78 /* 升麻.png */,
				B6A3E3E015B30A7D00FC1A78 /* 半夏.png */,
				B6A3E3E115B30A7D00FC1A78 /* 厚朴.png */,
				B6A3E3E215B30A7D00FC1A78 /* 吴茱萸.png */,
				B6A3E3E315B30A7D00FC1A78 /* 商陆根.png */,
				B6A3E3E415B30A7D00FC1A78 /* 土瓜根.png */,
				B6A3E3E515B30A7D00FC1A78 /* 地黄.png */,
				B6A3E3E615B30A7D00FC1A78 /* 大戟.png */,
				B6A3E3E715B30A7D00FC1A78 /* 大枣.png */,
				B6A3E3E815B30A7D00FC1A78 /* 大麦.png */,
				B6A3E3E915B30A7D00FC1A78 /* 大黄.png */,
				B6A3E3EA15B30A7D00FC1A78 /* 天冬.png */,
				B6A3E3EB15B30A7D00FC1A78 /* 射干.png */,
				B6A3E3EC15B30A7D00FC1A78 /* 小麦.png */,
				B6A3E3ED15B30A7D00FC1A78 /* 山茱萸.png */,
				B6A3E3EE15B30A7D00FC1A78 /* 巴豆.png */,
				B6A3E3EF15B30A7D00FC1A78 /* 干姜.png */,
				B6A3E3F015B30A7D00FC1A78 /* 干漆.png */,
				B6A3E3F115B30A7D00FC1A78 /* 当归.png */,
				B6A3E3F215B30A7D00FC1A78 /* 当归2.png */,
				B6A3E3F315B30A7D00FC1A78 /* 戎盐.png */,
				B6A3E3F415B30A7D00FC1A78 /* 文蛤.png */,
				B6A3E3F515B30A7D00FC1A78 /* 新绛.png */,
				B6A3E3F615B30A7D00FC1A78 /* 旋覆花.png */,
				B6A3E3F715B30A7D00FC1A78 /* 未命名.png */,
				B6A3E3F815B30A7D00FC1A78 /* 朱砂.png */,
				B6A3E3F915B30A7D00FC1A78 /* 杏仁.png */,
				B6A3E3FA15B30A7D00FC1A78 /* 枣仁.png */,
				B6A3E3FB15B30A7D00FC1A78 /* 枳实.png */,
				B6A3E3FC15B30A7D00FC1A78 /* 柏叶.png */,
				B6A3E3FD15B30A7D00FC1A78 /* 柏子仁.png */,
				B6A3E3FE15B30A7D00FC1A78 /* 柏实.png */,
				B6A3E3FF15B30A7D00FC1A78 /* 柴胡.png */,
				B6A3E40015B30A7D00FC1A78 /* 栀子.png */,
				B6A3E40115B30A7D00FC1A78 /* 栝蒌实.png */,
				B6A3E40215B30A7D00FC1A78 /* 栝蒌根.png */,
				B6A3E40315B30A7D00FC1A78 /* 桂枝.png */,
				B6A3E40415B30A7D00FC1A78 /* 桃仁.png */,
				B6A3E40515B30A7D00FC1A78 /* 桑根白皮.png */,
				B6A3E40615B30A7D00FC1A78 /* 桔梗.png */,
				B6A3E40715B30A7D00FC1A78 /* 橘皮.png */,
				B6A3E40815B30A7D00FC1A78 /* 款冬花.png */,
				B6A3E40915B30A7D00FC1A78 /* 水蛭.png */,
				B6A3E40A15B30A7D00FC1A78 /* 泽泻.png */,
				B6A3E40B15B30A7D00FC1A78 /* 泽漆.png */,
				B6A3E40C15B30A7D00FC1A78 /* 海藻.png */,
				B6A3E40D15B30A7D00FC1A78 /* 清半夏.png */,
				B6A3E40E15B30A7D00FC1A78 /* 滑石.png */,
				B6A3E40F15B30A7D00FC1A78 /* 灶中黄土.png */,
				B6A3E41015B30A7D00FC1A78 /* 焦神曲.png */,
				B6A3E41115B30A7D00FC1A78 /* 熟地黄.png */,
				B6A3E41215B30A7D00FC1A78 /* 牡丹皮.png */,
				B6A3E41315B30A7D00FC1A78 /* 牡丹皮2.png */,
				B6A3E41415B30A7D00FC1A78 /* 牡蛎.png */,
				B6A3E41515B30A7D00FC1A78 /* 狼牙.png */,
				B6A3E41615B30A7D00FC1A78 /* 猪肤.png */,
				B6A3E41715B30A7D00FC1A78 /* 猪胆汁.png */,
				B6A3E41815B30A7D00FC1A78 /* 猪膏.png */,
				B6A3E41915B30A7D00FC1A78 /* 猪苓.png */,
				B6A3E41A15B30A7D00FC1A78 /* 王不留行.png */,
				B6A3E41B15B30A7D00FC1A78 /* 瓜子.png */,
				B6A3E41C15B30A7D00FC1A78 /* 瓜蒂.png */,
				B6A3E41D15B30A7D00FC1A78 /* 甘李根白皮.png */,
				B6A3E41E15B30A7D00FC1A78 /* 甘草.png */,
				B6A3E41F15B30A7D00FC1A78 /* 甘草片.png */,
				B6A3E42015B30A7D00FC1A78 /* 甘遂.png */,
				B6A3E42115B30A7D00FC1A78 /* 生姜.png */,
				B6A3E42215B30A7D00FC1A78 /* 生梓白皮.png */,
				B6A3E42315B30A7D00FC1A78 /* 白前.png */,
				B6A3E42415B30A7D00FC1A78 /* 白前2.png */,
				B6A3E42515B30A7D00FC1A78 /* 白头翁.png */,
				B6A3E42615B30A7D00FC1A78 /* 白术.png */,
				B6A3E42715B30A7D00FC1A78 /* 白蔹.png */,
				B6A3E42815B30A7D00FC1A78 /* 白薇.png */,
				B6A3E42915B30A7D00FC1A78 /* 白蜜.png */,
				B6A3E42A15B30A7D00FC1A78 /* 白附子.png */,
				B6A3E42B15B30A7D00FC1A78 /* 百合.png */,
				B6A3E42C15B30A7D00FC1A78 /* 皂荚.png */,
				B6A3E42D15B30A7D00FC1A78 /* 瞿麦.png */,
				B6A3E42E15B30A7D00FC1A78 /* 知母.png */,
				B6A3E42F15B30A7D00FC1A78 /* 石膏.png */,
				B6A3E43015B30A7D00FC1A78 /* 石膏粉.png */,
				B6A3E43115B30A7D00FC1A78 /* 石韦.png */,
				B6A3E43215B30A7D00FC1A78 /* 矾石.png */,
				B6A3E43315B30A7D00FC1A78 /* 硝石.png */,
				B6A3E43415B30A7D00FC1A78 /* 神曲.png */,
				B6A3E43515B30A7D00FC1A78 /* 禹余粮.png */,
				B6A3E43615B30A7D00FC1A78 /* 秦皮.png */,
				B6A3E43715B30A7D00FC1A78 /* 竹叶.png */,
				B6A3E43815B30A7D00FC1A78 /* 竹茹.png */,
				B6A3E43915B30A7D00FC1A78 /* 粳米.png */,
				B6A3E43A15B30A7D00FC1A78 /* 紫参.png */,
				B6A3E43B15B30A7D00FC1A78 /* 紫菀.png */,
				B6A3E43C15B30A7D00FC1A78 /* 紫葳.png */,
				B6A3E43D15B30A7D00FC1A78 /* 红蓝花.png */,
				B6A3E43E15B30A7D00FC1A78 /* 细辛.png */,
				B6A3E43F15B30A7D00FC1A78 /* 羊肉.png */,
				B6A3E44015B30A7D00FC1A78 /* 胶饴.png */,
				B6A3E44115B30A7D00FC1A78 /* 艾叶.png */,
				B6A3E44215B30A7D00FC1A78 /* 芍药.png */,
				B6A3E44315B30A7D00FC1A78 /* 芎藭.png */,
				B6A3E44415B30A7D00FC1A78 /* 芒硝.png */,
				B6A3E44515B30A7D00FC1A78 /* 芫花.png */,
				B6A3E44615B30A7D00FC1A78 /* 苏叶.png */,
				B6A3E44715B30A7D00FC1A78 /* 苦参.png */,
				B6A3E44815B30A7D00FC1A78 /* 苦杏仁.png */,
				B6A3E44915B30A7D00FC1A78 /* 苦酒.png */,
				B6A3E44A15B30A7D00FC1A78 /* 茯苓.png */,
				B6A3E44B15B30A7D00FC1A78 /* 茯苓2.png */,
				B6A3E44C15B30A7D00FC1A78 /* 茵陈蒿.png */,
				B6A3E44D15B30A7D00FC1A78 /* 萎蕤.png */,
				B6A3E44E15B30A7D00FC1A78 /* 葛根.png */,
				B6A3E44F15B30A7D00FC1A78 /* 葱白.png */,
				B6A3E45015B30A7D00FC1A78 /* 葵子.png */,
				B6A3E45115B30A7D00FC1A78 /* 葶苈.png */,
				B6A3E45215B30A7D00FC1A78 /* 蒴藋.png */,
				B6A3E45315B30A7D00FC1A78 /* 薏苡.png */,
				B6A3E45415B30A7D00FC1A78 /* 薤白.png */,
				B6A3E45515B30A7D00FC1A78 /* 薯蓣.png */,
				B6A3E45615B30A7D00FC1A78 /* 藜芦.png */,
				B6A3E45715B30A7D00FC1A78 /* 虻虫.png */,
				B6A3E45815B30A7D00FC1A78 /* 蛇床子.png */,
				B6A3E45915B30A7D00FC1A78 /* 蛴螬.png */,
				B6A3E45A15B30A7D00FC1A78 /* 蜀椒.png */,
				B6A3E45B15B30A7D00FC1A78 /* 蜀漆.png */,
				B6A3E45C15B30A7D00FC1A78 /* 蜂窠.png */,
				B6A3E45D15B30A7D00FC1A78 /* 蜣螂.png */,
				B6A3E45E15B30A7D00FC1A78 /* 蟅虫.png */,
				B6A3E45F15B30A7D00FC1A78 /* 诃黎勒.png */,
				B6A3E46015B30A7D00FC1A78 /* 豆黄卷.png */,
				B6A3E46115B30A7D00FC1A78 /* 贝母.png */,
				B6A3E46215B30A7D00FC1A78 /* 败酱.png */,
				B6A3E46315B30A7D00FC1A78 /* 赤小豆.png */,
				B6A3E46415B30A7D00FC1A78 /* 赤石脂.png */,
				B6A3E46515B30A7D00FC1A78 /* 赤硝.png */,
				B6A3E46615B30A7D00FC1A78 /* 连翘.png */,
				B6A3E46715B30A7D00FC1A78 /* 通草.png */,
				B6A3E46815B30A7D00FC1A78 /* 铅丹.png */,
				B6A3E46915B30A7D00FC1A78 /* 铅粉.png */,
				B6A3E46A15B30A7D00FC1A78 /* 防己.png */,
				B6A3E46B15B30A7D00FC1A78 /* 防风.png */,
				B6A3E46C15B30A7D00FC1A78 /* 阿胶.png */,
				B6A3E46D15B30A7D00FC1A78 /* 附子.png */,
				B6A3E46E15B30A7D00FC1A78 /* 雄黄.png */,
				B6A3E46F15B30A7D00FC1A78 /* 雄黄矿石.png */,
				B6A3E47015B30A7D00FC1A78 /* 香豉.png */,
				B6A3E47115B30A7D00FC1A78 /* 马通.png */,
				B6A3E47215B30A7D00FC1A78 /* 鳖甲.png */,
				B6A3E47315B30A7D00FC1A78 /* 鸡子白.png */,
				B6A3E47415B30A7D00FC1A78 /* 鸡子黄.png */,
				B6A3E47515B30A7D00FC1A78 /* 鸡屎白.png */,
				B6A3E47615B30A7D00FC1A78 /* 麦冬.png */,
				B6A3E47715B30A7D00FC1A78 /* 麻仁.png */,
				B6A3E47815B30A7D00FC1A78 /* 麻黄.png */,
				B6A3E47915B30A7D00FC1A78 /* 黄柏.png */,
				B6A3E47A15B30A7D00FC1A78 /* 黄芩.png */,
				B6A3E47B15B30A7D00FC1A78 /* 黄芩片.png */,
				B6A3E47C15B30A7D00FC1A78 /* 黄芪.png */,
				B6A3E47D15B30A7D00FC1A78 /* 黄连.png */,
				B6A3E47E15B30A7D00FC1A78 /* 黄酒.png */,
				B6A3E47F15B30A7D00FC1A78 /* 鼠妇.png */,
				B6A3E48015B30A7D00FC1A78 /* 龙骨.png */,
			);
			path = hmImage;
			sourceTree = "<group>";
		};
		B6EB13C415AC65740033B43E /* three */ = {
			isa = PBXGroup;
			children = (
				B62F0D2C1487A13900FA38F8 /* FMDatabase.h */,
				B62F0D2D1487A13900FA38F8 /* FMDatabase.m */,
				B62F0D2E1487A13900FA38F8 /* FMDatabaseAdditions.h */,
				B62F0D2F1487A13A00FA38F8 /* FMDatabaseAdditions.m */,
				B62F0D311487A13A00FA38F8 /* FMResultSet.h */,
				B62F0D321487A13A00FA38F8 /* FMResultSet.m */,
			);
			name = three;
			sourceTree = "<group>";
		};
		B6EB13C515AC65990033B43E /* dataBase */ = {
			isa = PBXGroup;
			children = (
				B6A3E3CC15B30A5200FC1A78 /* HMManager.h */,
				B6A3E3CD15B30A5200FC1A78 /* HMManager.m */,
				B62F0D3A1487A2FB00FA38F8 /* HMDataBase.h */,
				B62F0D3B1487A2FB00FA38F8 /* HMDataBase.m */,
				B6D55FE315B586F4004C49A7 /* ConvertJF.h */,
				B6D55FE415B586F4004C49A7 /* ConvertJF.m */,
			);
			name = dataBase;
			sourceTree = "<group>";
		};
/* End PBXGroup section */

/* Begin PBXNativeTarget section */
		B62F0D0A1487A12200FA38F8 /* CSYJ */ = {
			isa = PBXNativeTarget;
			buildConfigurationList = B62F0D291487A12200FA38F8 /* Build configuration list for PBXNativeTarget "CSYJ" */;
			buildPhases = (
				B62F0D071487A12200FA38F8 /* Sources */,
				B62F0D081487A12200FA38F8 /* Frameworks */,
				B62F0D091487A12200FA38F8 /* Resources */,
			);
			buildRules = (
			);
			dependencies = (
			);
			name = CSYJ;
			productName = CSYJ;
			productReference = B62F0D0B1487A12200FA38F8 /* CSYJ.app */;
			productType = "com.apple.product-type.application";
		};
/* End PBXNativeTarget section */

/* Begin PBXProject section */
		B62F0D021487A12200FA38F8 /* Project object */ = {
			isa = PBXProject;
			attributes = {
				LastUpgradeCheck = 0420;
			};
			buildConfigurationList = B62F0D051487A12200FA38F8 /* Build configuration list for PBXProject "CSYJ" */;
			compatibilityVersion = "Xcode 3.2";
			developmentRegion = English;
			hasScannedForEncodings = 0;
			knownRegions = (
				en,
			);
			mainGroup = B62F0D001487A12200FA38F8;
			productRefGroup = B62F0D0C1487A12200FA38F8 /* Products */;
			projectDirPath = "";
			projectRoot = "";
			targets = (
				B62F0D0A1487A12200FA38F8 /* CSYJ */,
			);
		};
/* End PBXProject section */

/* Begin PBXResourcesBuildPhase section */
		B62F0D091487A12200FA38F8 /* Resources */ = {
			isa = PBXResourcesBuildPhase;
			buildActionMask = 2147483647;
			files = (
				B62F0D1A1487A12200FA38F8 /* InfoPlist.strings in Resources */,
				B62F0D261487A12200FA38F8 /* MainWindow.xib in Resources */,
				B62F0D3F1487B7C900FA38F8 /* HMCell.xib in Resources */,
				B6C78C2015A51384006D6FE7 /* HMViewController.xib in Resources */,
				B6DE474A15AB1410009D4C95 /* Icon.png in Resources */,
				B6DE474C15AB1414009D4C95 /* Icon@2x.png in Resources */,
				B6EB13CB15AC66380033B43E /* WebViewController.xib in Resources */,
				B6A3E48215B30A7D00FC1A78 /* csyj.db in Resources */,
				B6A3E48315B30A7D00FC1A78 /* csyj_x.html in Resources */,
				B6A3E48415B30A7D00FC1A78 /* default.jpg in Resources */,
				B6A3E48515B30A7D00FC1A78 /* Dictionary.txt in Resources */,
				B6A3E48615B30A7D00FC1A78 /* 乌头.png in Resources */,
				B6A3E48715B30A7D00FC1A78 /* 乌梅.png in Resources */,
				B6A3E48815B30A7D00FC1A78 /* 乱发.png in Resources */,
				B6A3E48915B30A7D00FC1A78 /* 云母.png in Resources */,
				B6A3E48A15B30A7D00FC1A78 /* 五味子.png in Resources */,
				B6A3E48B15B30A7D00FC1A78 /* 人参.png in Resources */,
				B6A3E48C15B30A7D00FC1A78 /* 人尿.png in Resources */,
				B6A3E48D15B30A7D00FC1A78 /* 代赭石.png in Resources */,
				B6A3E48E15B30A7D00FC1A78 /* 制白附子.png in Resources */,
				B6A3E48F15B30A7D00FC1A78 /* 升麻.png in Resources */,
				B6A3E49015B30A7D00FC1A78 /* 半夏.png in Resources */,
				B6A3E49115B30A7D00FC1A78 /* 厚朴.png in Resources */,
				B6A3E49215B30A7D00FC1A78 /* 吴茱萸.png in Resources */,
				B6A3E49315B30A7D00FC1A78 /* 商陆根.png in Resources */,
				B6A3E49415B30A7D00FC1A78 /* 土瓜根.png in Resources */,
				B6A3E49515B30A7D00FC1A78 /* 地黄.png in Resources */,
				B6A3E49615B30A7D00FC1A78 /* 大戟.png in Resources */,
				B6A3E49715B30A7D00FC1A78 /* 大枣.png in Resources */,
				B6A3E49815B30A7D00FC1A78 /* 大麦.png in Resources */,
				B6A3E49915B30A7D00FC1A78 /* 大黄.png in Resources */,
				B6A3E49A15B30A7D00FC1A78 /* 天冬.png in Resources */,
				B6A3E49B15B30A7D00FC1A78 /* 射干.png in Resources */,
				B6A3E49C15B30A7D00FC1A78 /* 小麦.png in Resources */,
				B6A3E49D15B30A7D00FC1A78 /* 山茱萸.png in Resources */,
				B6A3E49E15B30A7D00FC1A78 /* 巴豆.png in Resources */,
				B6A3E49F15B30A7D00FC1A78 /* 干姜.png in Resources */,
				B6A3E4A015B30A7D00FC1A78 /* 干漆.png in Resources */,
				B6A3E4A115B30A7D00FC1A78 /* 当归.png in Resources */,
				B6A3E4A215B30A7D00FC1A78 /* 当归2.png in Resources */,
				B6A3E4A315B30A7D00FC1A78 /* 戎盐.png in Resources */,
				B6A3E4A415B30A7D00FC1A78 /* 文蛤.png in Resources */,
				B6A3E4A515B30A7D00FC1A78 /* 新绛.png in Resources */,
				B6A3E4A615B30A7D00FC1A78 /* 旋覆花.png in Resources */,
				B6A3E4A715B30A7D00FC1A78 /* 未命名.png in Resources */,
				B6A3E4A815B30A7D00FC1A78 /* 朱砂.png in Resources */,
				B6A3E4A915B30A7D00FC1A78 /* 杏仁.png in Resources */,
				B6A3E4AA15B30A7D00FC1A78 /* 枣仁.png in Resources */,
				B6A3E4AB15B30A7D00FC1A78 /* 枳实.png in Resources */,
				B6A3E4AC15B30A7D00FC1A78 /* 柏叶.png in Resources */,
				B6A3E4AD15B30A7D00FC1A78 /* 柏子仁.png in Resources */,
				B6A3E4AE15B30A7D00FC1A78 /* 柏实.png in Resources */,
				B6A3E4AF15B30A7D00FC1A78 /* 柴胡.png in Resources */,
				B6A3E4B015B30A7D00FC1A78 /* 栀子.png in Resources */,
				B6A3E4B115B30A7D00FC1A78 /* 栝蒌实.png in Resources */,
				B6A3E4B215B30A7D00FC1A78 /* 栝蒌根.png in Resources */,
				B6A3E4B315B30A7D00FC1A78 /* 桂枝.png in Resources */,
				B6A3E4B415B30A7D00FC1A78 /* 桃仁.png in Resources */,
				B6A3E4B515B30A7D00FC1A78 /* 桑根白皮.png in Resources */,
				B6A3E4B615B30A7D00FC1A78 /* 桔梗.png in Resources */,
				B6A3E4B715B30A7D00FC1A78 /* 橘皮.png in Resources */,
				B6A3E4B815B30A7D00FC1A78 /* 款冬花.png in Resources */,
				B6A3E4B915B30A7D00FC1A78 /* 水蛭.png in Resources */,
				B6A3E4BA15B30A7D00FC1A78 /* 泽泻.png in Resources */,
				B6A3E4BB15B30A7D00FC1A78 /* 泽漆.png in Resources */,
				B6A3E4BC15B30A7D00FC1A78 /* 海藻.png in Resources */,
				B6A3E4BD15B30A7D00FC1A78 /* 清半夏.png in Resources */,
				B6A3E4BE15B30A7D00FC1A78 /* 滑石.png in Resources */,
				B6A3E4BF15B30A7D00FC1A78 /* 灶中黄土.png in Resources */,
				B6A3E4C015B30A7D00FC1A78 /* 焦神曲.png in Resources */,
				B6A3E4C115B30A7D00FC1A78 /* 熟地黄.png in Resources */,
				B6A3E4C215B30A7D00FC1A78 /* 牡丹皮.png in Resources */,
				B6A3E4C315B30A7D00FC1A78 /* 牡丹皮2.png in Resources */,
				B6A3E4C415B30A7D00FC1A78 /* 牡蛎.png in Resources */,
				B6A3E4C515B30A7D00FC1A78 /* 狼牙.png in Resources */,
				B6A3E4C615B30A7D00FC1A78 /* 猪肤.png in Resources */,
				B6A3E4C715B30A7D00FC1A78 /* 猪胆汁.png in Resources */,
				B6A3E4C815B30A7D00FC1A78 /* 猪膏.png in Resources */,
				B6A3E4C915B30A7D00FC1A78 /* 猪苓.png in Resources */,
				B6A3E4CA15B30A7D00FC1A78 /* 王不留行.png in Resources */,
				B6A3E4CB15B30A7D00FC1A78 /* 瓜子.png in Resources */,
				B6A3E4CC15B30A7D00FC1A78 /* 瓜蒂.png in Resources */,
				B6A3E4CD15B30A7D00FC1A78 /* 甘李根白皮.png in Resources */,
				B6A3E4CE15B30A7D00FC1A78 /* 甘草.png in Resources */,
				B6A3E4CF15B30A7D00FC1A78 /* 甘草片.png in Resources */,
				B6A3E4D015B30A7D00FC1A78 /* 甘遂.png in Resources */,
				B6A3E4D115B30A7D00FC1A78 /* 生姜.png in Resources */,
				B6A3E4D215B30A7D00FC1A78 /* 生梓白皮.png in Resources */,
				B6A3E4D315B30A7D00FC1A78 /* 白前.png in Resources */,
				B6A3E4D415B30A7D00FC1A78 /* 白前2.png in Resources */,
				B6A3E4D515B30A7D00FC1A78 /* 白头翁.png in Resources */,
				B6A3E4D615B30A7D00FC1A78 /* 白术.png in Resources */,
				B6A3E4D715B30A7D00FC1A78 /* 白蔹.png in Resources */,
				B6A3E4D815B30A7D00FC1A78 /* 白薇.png in Resources */,
				B6A3E4D915B30A7D00FC1A78 /* 白蜜.png in Resources */,
				B6A3E4DA15B30A7D00FC1A78 /* 白附子.png in Resources */,
				B6A3E4DB15B30A7D00FC1A78 /* 百合.png in Resources */,
				B6A3E4DC15B30A7D00FC1A78 /* 皂荚.png in Resources */,
				B6A3E4DD15B30A7D00FC1A78 /* 瞿麦.png in Resources */,
				B6A3E4DE15B30A7D00FC1A78 /* 知母.png in Resources */,
				B6A3E4DF15B30A7D00FC1A78 /* 石膏.png in Resources */,
				B6A3E4E015B30A7D00FC1A78 /* 石膏粉.png in Resources */,
				B6A3E4E115B30A7D00FC1A78 /* 石韦.png in Resources */,
				B6A3E4E215B30A7D00FC1A78 /* 矾石.png in Resources */,
				B6A3E4E315B30A7D00FC1A78 /* 硝石.png in Resources */,
				B6A3E4E415B30A7D00FC1A78 /* 神曲.png in Resources */,
				B6A3E4E515B30A7D00FC1A78 /* 禹余粮.png in Resources */,
				B6A3E4E615B30A7D00FC1A78 /* 秦皮.png in Resources */,
				B6A3E4E715B30A7D00FC1A78 /* 竹叶.png in Resources */,
				B6A3E4E815B30A7D00FC1A78 /* 竹茹.png in Resources */,
				B6A3E4E915B30A7D00FC1A78 /* 粳米.png in Resources */,
				B6A3E4EA15B30A7D00FC1A78 /* 紫参.png in Resources */,
				B6A3E4EB15B30A7D00FC1A78 /* 紫菀.png in Resources */,
				B6A3E4EC15B30A7D00FC1A78 /* 紫葳.png in Resources */,
				B6A3E4ED15B30A7D00FC1A78 /* 红蓝花.png in Resources */,
				B6A3E4EE15B30A7D00FC1A78 /* 细辛.png in Resources */,
				B6A3E4EF15B30A7D00FC1A78 /* 羊肉.png in Resources */,
				B6A3E4F015B30A7D00FC1A78 /* 胶饴.png in Resources */,
				B6A3E4F115B30A7D00FC1A78 /* 艾叶.png in Resources */,
				B6A3E4F215B30A7D00FC1A78 /* 芍药.png in Resources */,
				B6A3E4F315B30A7D00FC1A78 /* 芎藭.png in Resources */,
				B6A3E4F415B30A7D00FC1A78 /* 芒硝.png in Resources */,
				B6A3E4F515B30A7D00FC1A78 /* 芫花.png in Resources */,
				B6A3E4F615B30A7D00FC1A78 /* 苏叶.png in Resources */,
				B6A3E4F715B30A7D00FC1A78 /* 苦参.png in Resources */,
				B6A3E4F815B30A7D00FC1A78 /* 苦杏仁.png in Resources */,
				B6A3E4F915B30A7D00FC1A78 /* 苦酒.png in Resources */,
				B6A3E4FA15B30A7D00FC1A78 /* 茯苓.png in Resources */,
				B6A3E4FB15B30A7D00FC1A78 /* 茯苓2.png in Resources */,
				B6A3E4FC15B30A7D00FC1A78 /* 茵陈蒿.png in Resources */,
				B6A3E4FD15B30A7D00FC1A78 /* 萎蕤.png in Resources */,
				B6A3E4FE15B30A7D00FC1A78 /* 葛根.png in Resources */,
				B6A3E4FF15B30A7D00FC1A78 /* 葱白.png in Resources */,
				B6A3E50015B30A7D00FC1A78 /* 葵子.png in Resources */,
				B6A3E50115B30A7D00FC1A78 /* 葶苈.png in Resources */,
				B6A3E50215B30A7D00FC1A78 /* 蒴藋.png in Resources */,
				B6A3E50315B30A7D00FC1A78 /* 薏苡.png in Resources */,
				B6A3E50415B30A7D00FC1A78 /* 薤白.png in Resources */,
				B6A3E50515B30A7D00FC1A78 /* 薯蓣.png in Resources */,
				B6A3E50615B30A7D00FC1A78 /* 藜芦.png in Resources */,
				B6A3E50715B30A7D00FC1A78 /* 虻虫.png in Resources */,
				B6A3E50815B30A7D00FC1A78 /* 蛇床子.png in Resources */,
				B6A3E50915B30A7D00FC1A78 /* 蛴螬.png in Resources */,
				B6A3E50A15B30A7D00FC1A78 /* 蜀椒.png in Resources */,
				B6A3E50B15B30A7D00FC1A78 /* 蜀漆.png in Resources */,
				B6A3E50C15B30A7D00FC1A78 /* 蜂窠.png in Resources */,
				B6A3E50D15B30A7D00FC1A78 /* 蜣螂.png in Resources */,
				B6A3E50E15B30A7D00FC1A78 /* 蟅虫.png in Resources */,
				B6A3E50F15B30A7D00FC1A78 /* 诃黎勒.png in Resources */,
				B6A3E51015B30A7D00FC1A78 /* 豆黄卷.png in Resources */,
				B6A3E51115B30A7D00FC1A78 /* 贝母.png in Resources */,
				B6A3E51215B30A7D00FC1A78 /* 败酱.png in Resources */,
				B6A3E51315B30A7D00FC1A78 /* 赤小豆.png in Resources */,
				B6A3E51415B30A7D00FC1A78 /* 赤石脂.png in Resources */,
				B6A3E51515B30A7D00FC1A78 /* 赤硝.png in Resources */,
				B6A3E51615B30A7D00FC1A78 /* 连翘.png in Resources */,
				B6A3E51715B30A7D00FC1A78 /* 通草.png in Resources */,
				B6A3E51815B30A7D00FC1A78 /* 铅丹.png in Resources */,
				B6A3E51915B30A7D00FC1A78 /* 铅粉.png in Resources */,
				B6A3E51A15B30A7D00FC1A78 /* 防己.png in Resources */,
				B6A3E51B15B30A7D00FC1A78 /* 防风.png in Resources */,
				B6A3E51C15B30A7D00FC1A78 /* 阿胶.png in Resources */,
				B6A3E51D15B30A7D00FC1A78 /* 附子.png in Resources */,
				B6A3E51E15B30A7D00FC1A78 /* 雄黄.png in Resources */,
				B6A3E51F15B30A7D00FC1A78 /* 雄黄矿石.png in Resources */,
				B6A3E52015B30A7D00FC1A78 /* 香豉.png in Resources */,
				B6A3E52115B30A7D00FC1A78 /* 马通.png in Resources */,
				B6A3E52215B30A7D00FC1A78 /* 鳖甲.png in Resources */,
				B6A3E52315B30A7D00FC1A78 /* 鸡子白.png in Resources */,
				B6A3E52415B30A7D00FC1A78 /* 鸡子黄.png in Resources */,
				B6A3E52515B30A7D00FC1A78 /* 鸡屎白.png in Resources */,
				B6A3E52615B30A7D00FC1A78 /* 麦冬.png in Resources */,
				B6A3E52715B30A7D00FC1A78 /* 麻仁.png in Resources */,
				B6A3E52815B30A7D00FC1A78 /* 麻黄.png in Resources */,
				B6A3E52915B30A7D00FC1A78 /* 黄柏.png in Resources */,
				B6A3E52A15B30A7D00FC1A78 /* 黄芩.png in Resources */,
				B6A3E52B15B30A7D00FC1A78 /* 黄芩片.png in Resources */,
				B6A3E52C15B30A7D00FC1A78 /* 黄芪.png in Resources */,
				B6A3E52D15B30A7D00FC1A78 /* 黄连.png in Resources */,
				B6A3E52E15B30A7D00FC1A78 /* 黄酒.png in Resources */,
				B6A3E52F15B30A7D00FC1A78 /* 鼠妇.png in Resources */,
				B6A3E53015B30A7D00FC1A78 /* 龙骨.png in Resources */,
				B6A3E53115B30A7D00FC1A78 /* template.html in Resources */,
				B692183F15B4560E00CA6CC9 /* down.png in Resources */,
				B692184015B4560E00CA6CC9 /* up.png in Resources */,
				B68355F315B6EE1300D19324 /* HMTableViewController.xib in Resources */,
				A18B9FE315B8116400DCEC60 /* csyj-xu.png in Resources */,
			);
			runOnlyForDeploymentPostprocessing = 0;
		};
/* End PBXResourcesBuildPhase section */

/* Begin PBXSourcesBuildPhase section */
		B62F0D071487A12200FA38F8 /* Sources */ = {
			isa = PBXSourcesBuildPhase;
			buildActionMask = 2147483647;
			files = (
				B62F0D391487A2C900FA38F8 /* main.m in Sources */,
				B62F0D201487A12200FA38F8 /* AppDelegate.m in Sources */,
				B62F0D331487A13A00FA38F8 /* FMDatabase.m in Sources */,
				B62F0D341487A13A00FA38F8 /* FMDatabaseAdditions.m in Sources */,
				B62F0D361487A13A00FA38F8 /* FMResultSet.m in Sources */,
				B62F0D3C1487A2FB00FA38F8 /* HMDataBase.m in Sources */,
				B62F0D421487BB6C00FA38F8 /* HMCell.m in Sources */,
				B6C78C1F15A51384006D6FE7 /* HMViewController.m in Sources */,
				B6EB13CA15AC66380033B43E /* WebViewController.m in Sources */,
				B6A3E3CF15B30A5200FC1A78 /* HMManager.m in Sources */,
				B6D55FE515B586F4004C49A7 /* ConvertJF.m in Sources */,
				B68355F215B6EE1300D19324 /* HMTableViewController.m in Sources */,
			);
			runOnlyForDeploymentPostprocessing = 0;
		};
/* End PBXSourcesBuildPhase section */

/* Begin PBXVariantGroup section */
		B62F0D181487A12200FA38F8 /* InfoPlist.strings */ = {
			isa = PBXVariantGroup;
			children = (
				B62F0D191487A12200FA38F8 /* en */,
			);
			name = InfoPlist.strings;
			sourceTree = "<group>";
		};
		B62F0D241487A12200FA38F8 /* MainWindow.xib */ = {
			isa = PBXVariantGroup;
			children = (
				B62F0D251487A12200FA38F8 /* en */,
			);
			name = MainWindow.xib;
			sourceTree = "<group>";
		};
/* End PBXVariantGroup section */

/* Begin XCBuildConfiguration section */
		B62F0D271487A12200FA38F8 /* Debug */ = {
			isa = XCBuildConfiguration;
			buildSettings = {
				ALWAYS_SEARCH_USER_PATHS = NO;
				ARCHS = "$(ARCHS_STANDARD_32_BIT)";
				"CODE_SIGN_IDENTITY[sdk=iphoneos*]" = "iPhone Developer";
				COPY_PHASE_STRIP = NO;
				GCC_C_LANGUAGE_STANDARD = gnu99;
				GCC_DYNAMIC_NO_PIC = NO;
				GCC_OPTIMIZATION_LEVEL = 0;
				GCC_PREPROCESSOR_DEFINITIONS = (
					"DEBUG=1",
					"$(inherited)",
				);
				GCC_SYMBOLS_PRIVATE_EXTERN = NO;
				GCC_VERSION = com.apple.compilers.llvm.clang.1_0;
				GCC_WARN_ABOUT_MISSING_PROTOTYPES = YES;
				GCC_WARN_ABOUT_RETURN_TYPE = YES;
				GCC_WARN_UNUSED_VARIABLE = YES;
				HEADER_SEARCH_PATHS = (
					"$(BUILT_PRODUCTS_DIR)/../three20",
					"$(BUILT_PRODUCTS_DIR)/../../three20",
					../three20/Build/Products/three20,
				);
				IPHONEOS_DEPLOYMENT_TARGET = 4.0;
				OTHER_LDFLAGS = "-ObjC";
				SDKROOT = iphoneos;
			};
			name = Debug;
		};
		B62F0D281487A12200FA38F8 /* Release */ = {
			isa = XCBuildConfiguration;
			buildSettings = {
				ALWAYS_SEARCH_USER_PATHS = NO;
				ARCHS = "$(ARCHS_STANDARD_32_BIT)";
				"CODE_SIGN_IDENTITY[sdk=iphoneos*]" = "iPhone Developer";
				COPY_PHASE_STRIP = YES;
				GCC_C_LANGUAGE_STANDARD = gnu99;
				GCC_VERSION = com.apple.compilers.llvm.clang.1_0;
				GCC_WARN_ABOUT_MISSING_PROTOTYPES = YES;
				GCC_WARN_ABOUT_RETURN_TYPE = YES;
				GCC_WARN_UNUSED_VARIABLE = YES;
				HEADER_SEARCH_PATHS = (
					"$(BUILT_PRODUCTS_DIR)/../three20",
					"$(BUILT_PRODUCTS_DIR)/../../three20",
					../three20/Build/Products/three20,
				);
				IPHONEOS_DEPLOYMENT_TARGET = 4.0;
				OTHER_CFLAGS = "-DNS_BLOCK_ASSERTIONS=1";
				OTHER_LDFLAGS = "-ObjC";
				SDKROOT = iphoneos;
				VALIDATE_PRODUCT = YES;
			};
			name = Release;
		};
		B62F0D2A1487A12200FA38F8 /* Debug */ = {
			isa = XCBuildConfiguration;
			buildSettings = {
				GCC_PRECOMPILE_PREFIX_HEADER = YES;
				GCC_PREFIX_HEADER = "CSYJ/CSYJ-Prefix.pch";
				INFOPLIST_FILE = "CSYJ/CSYJ-Info.plist";
				IPHONEOS_DEPLOYMENT_TARGET = 4.0;
				PRODUCT_NAME = "$(TARGET_NAME)";
				TARGETED_DEVICE_FAMILY = "1,2";
				WRAPPER_EXTENSION = app;
			};
			name = Debug;
		};
		B62F0D2B1487A12200FA38F8 /* Release */ = {
			isa = XCBuildConfiguration;
			buildSettings = {
				GCC_PRECOMPILE_PREFIX_HEADER = YES;
				GCC_PREFIX_HEADER = "CSYJ/CSYJ-Prefix.pch";
				INFOPLIST_FILE = "CSYJ/CSYJ-Info.plist";
				IPHONEOS_DEPLOYMENT_TARGET = 4.0;
				PRODUCT_NAME = "$(TARGET_NAME)";
				TARGETED_DEVICE_FAMILY = "1,2";
				WRAPPER_EXTENSION = app;
			};
			name = Release;
		};
/* End XCBuildConfiguration section */

/* Begin XCConfigurationList section */
		B62F0D051487A12200FA38F8 /* Build configuration list for PBXProject "CSYJ" */ = {
			isa = XCConfigurationList;
			buildConfigurations = (
				B62F0D271487A12200FA38F8 /* Debug */,
				B62F0D281487A12200FA38F8 /* Release */,
			);
			defaultConfigurationIsVisible = 0;
			defaultConfigurationName = Debug;
		};
		B62F0D291487A12200FA38F8 /* Build configuration list for PBXNativeTarget "CSYJ" */ = {
			isa = XCConfigurationList;
			buildConfigurations = (
				B62F0D2A1487A12200FA38F8 /* Debug */,
				B62F0D2B1487A12200FA38F8 /* Release */,
			);
			defaultConfigurationIsVisible = 0;
			defaultConfigurationName = Debug;
		};
/* End XCConfigurationList section */
	};
	rootObject = B62F0D021487A12200FA38F8 /* Project object */;
}
